// !$*UTF8*$!
{
	archiveVersion = 1;
	classes = {
	};
	objectVersion = 46;
	objects = {

/* Begin PBXBuildFile section */
		1C152156935235749F97F370 /* TrackIntentError.swift in Sources */ = {isa = PBXBuildFile; fileRef = 1C1524BE6D3FBB84D3784016 /* TrackIntentError.swift */; };
		1C1521FBCF00126549B9A50B /* TrackState.swift in Sources */ = {isa = PBXBuildFile; fileRef = 1C152FE36821C4D0F3261C0E /* TrackState.swift */; };
		1C1522F06D0257757495246A /* Preview Assets.xcassets in Resources */ = {isa = PBXBuildFile; fileRef = 1C152FC62ABC588374A4E064 /* Preview Assets.xcassets */; };
		1C1523FF24A3A7E746FEBF30 /* ContentView.swift in Sources */ = {isa = PBXBuildFile; fileRef = 1C152CB1AF2F8F5AA283A7F3 /* ContentView.swift */; };
		1C1524B79F0C1360D61BE922 /* TrackIntent.swift in Sources */ = {isa = PBXBuildFile; fileRef = 1C152329FB496EE6FA685524 /* TrackIntent.swift */; };
		1C1527114AF1E76CBC745B51 /* TrackViewModelObserver.swift in Sources */ = {isa = PBXBuildFile; fileRef = 1C152A8ECB6DC2A751E9965C /* TrackViewModelObserver.swift */; };
		1C1528A2FF85D597F84C0B70 /* FestivalUITests.swift in Sources */ = {isa = PBXBuildFile; fileRef = 1C152BAF65DA58183207BBAE /* FestivalUITests.swift */; };
		1C152A69981C26DDBE8F48F4 /* FestivalApp.swift in Sources */ = {isa = PBXBuildFile; fileRef = 1C152F0E7E970721A1C4F64F /* FestivalApp.swift */; };
		1C152ABB4D810820329136A9 /* FestivalUITestsLaunchTests.swift in Sources */ = {isa = PBXBuildFile; fileRef = 1C152CDC6A95774A90C4E2DC /* FestivalUITestsLaunchTests.swift */; };
		1C152C72EC5CC7C49269FF5A /* Assets.xcassets in Resources */ = {isa = PBXBuildFile; fileRef = 1C152C908AB9530E5457DDC8 /* Assets.xcassets */; };
		1C152E738ACBFD5D0AF8D792 /* TrackDetailView.swift in Sources */ = {isa = PBXBuildFile; fileRef = 1C152F615D04860EC83A69DE /* TrackDetailView.swift */; };
		1C152EF2B7A3E29B6A9A39D4 /* FestivalTests.swift in Sources */ = {isa = PBXBuildFile; fileRef = 1C152E4247CA6CA9A0318172 /* FestivalTests.swift */; };
		1C152F2D712B65ED91EBF580 /* TrackListViewModel.swift in Sources */ = {isa = PBXBuildFile; fileRef = 1C152C96722ED4B3C59738F4 /* TrackListViewModel.swift */; };
		1C152F4DBF52B04AA17D979D /* TrackViewModel.swift in Sources */ = {isa = PBXBuildFile; fileRef = 1C152EC1E74F554CED745EA0 /* TrackViewModel.swift */; };
/* End PBXBuildFile section */

/* Begin PBXContainerItemProxy section */
		1C15239E0B6A0C846AA50EAB /* PBXContainerItemProxy */ = {
			isa = PBXContainerItemProxy;
			containerPortal = 1C152AC33EF0D12D635D5845 /* Project object */;
			proxyType = 1;
			remoteGlobalIDString = 1C15221DFA691AF0FAE2D88B;
			remoteInfo = Festival;
		};
		1C15276888F7F078F2468558 /* PBXContainerItemProxy */ = {
			isa = PBXContainerItemProxy;
			containerPortal = 1C152AC33EF0D12D635D5845 /* Project object */;
			proxyType = 1;
			remoteGlobalIDString = 1C15221DFA691AF0FAE2D88B;
			remoteInfo = Festival;
		};
/* End PBXContainerItemProxy section */

/* Begin PBXFileReference section */
		1C152329FB496EE6FA685524 /* TrackIntent.swift */ = {isa = PBXFileReference; fileEncoding = 4; lastKnownFileType = sourcecode.swift; path = TrackIntent.swift; sourceTree = "<group>"; };
		1C1524BE6D3FBB84D3784016 /* TrackIntentError.swift */ = {isa = PBXFileReference; fileEncoding = 4; lastKnownFileType = sourcecode.swift; path = TrackIntentError.swift; sourceTree = "<group>"; };
		1C1528E3E84DDDED11A0B1B6 /* FestivalTests.xctest */ = {isa = PBXFileReference; explicitFileType = wrapper.cfbundle; includeInIndex = 0; path = FestivalTests.xctest; sourceTree = BUILT_PRODUCTS_DIR; };
		1C1529469728113AEADAD04B /* FestivalUITests.xctest */ = {isa = PBXFileReference; explicitFileType = wrapper.cfbundle; includeInIndex = 0; path = FestivalUITests.xctest; sourceTree = BUILT_PRODUCTS_DIR; };
		1C152A8ECB6DC2A751E9965C /* TrackViewModelObserver.swift */ = {isa = PBXFileReference; fileEncoding = 4; lastKnownFileType = sourcecode.swift; path = TrackViewModelObserver.swift; sourceTree = "<group>"; };
		1C152BAF65DA58183207BBAE /* FestivalUITests.swift */ = {isa = PBXFileReference; lastKnownFileType = sourcecode.swift; path = FestivalUITests.swift; sourceTree = "<group>"; };
		1C152C908AB9530E5457DDC8 /* Assets.xcassets */ = {isa = PBXFileReference; lastKnownFileType = folder.assetcatalog; path = Assets.xcassets; sourceTree = "<group>"; };
		1C152C96722ED4B3C59738F4 /* TrackListViewModel.swift */ = {isa = PBXFileReference; fileEncoding = 4; lastKnownFileType = sourcecode.swift; path = TrackListViewModel.swift; sourceTree = "<group>"; };
		1C152CB1AF2F8F5AA283A7F3 /* ContentView.swift */ = {isa = PBXFileReference; fileEncoding = 4; lastKnownFileType = sourcecode.swift; path = ContentView.swift; sourceTree = "<group>"; };
		1C152CDC6A95774A90C4E2DC /* FestivalUITestsLaunchTests.swift */ = {isa = PBXFileReference; lastKnownFileType = sourcecode.swift; path = FestivalUITestsLaunchTests.swift; sourceTree = "<group>"; };
		1C152E4247CA6CA9A0318172 /* FestivalTests.swift */ = {isa = PBXFileReference; lastKnownFileType = sourcecode.swift; path = FestivalTests.swift; sourceTree = "<group>"; };
		1C152EC1E74F554CED745EA0 /* TrackViewModel.swift */ = {isa = PBXFileReference; fileEncoding = 4; lastKnownFileType = sourcecode.swift; path = TrackViewModel.swift; sourceTree = "<group>"; };
		1C152ED14C0CAE86D82B7BF5 /* Festival.app */ = {isa = PBXFileReference; explicitFileType = wrapper.application; includeInIndex = 0; path = Festival.app; sourceTree = BUILT_PRODUCTS_DIR; };
		1C152F0E7E970721A1C4F64F /* FestivalApp.swift */ = {isa = PBXFileReference; lastKnownFileType = sourcecode.swift; path = FestivalApp.swift; sourceTree = "<group>"; };
		1C152F615D04860EC83A69DE /* TrackDetailView.swift */ = {isa = PBXFileReference; fileEncoding = 4; lastKnownFileType = sourcecode.swift; path = TrackDetailView.swift; sourceTree = "<group>"; };
		1C152FC62ABC588374A4E064 /* Preview Assets.xcassets */ = {isa = PBXFileReference; lastKnownFileType = folder.assetcatalog; path = "Preview Assets.xcassets"; sourceTree = "<group>"; };
		1C152FE36821C4D0F3261C0E /* TrackState.swift */ = {isa = PBXFileReference; fileEncoding = 4; lastKnownFileType = sourcecode.swift; path = TrackState.swift; sourceTree = "<group>"; };
/* End PBXFileReference section */

/* Begin PBXFrameworksBuildPhase section */
		1C152093A75FF8BBFD1D5CB2 /* Frameworks */ = {
			isa = PBXFrameworksBuildPhase;
			buildActionMask = 2147483647;
			files = (
			);
			runOnlyForDeploymentPostprocessing = 0;
		};
		1C15229F8606A1FF9C8371B1 /* Frameworks */ = {
			isa = PBXFrameworksBuildPhase;
			buildActionMask = 2147483647;
			files = (
			);
			runOnlyForDeploymentPostprocessing = 0;
		};
		1C1527D2771D25759625FB98 /* Frameworks */ = {
			isa = PBXFrameworksBuildPhase;
			buildActionMask = 2147483647;
			files = (
			);
			runOnlyForDeploymentPostprocessing = 0;
		};
/* End PBXFrameworksBuildPhase section */

/* Begin PBXGroup section */
		1C1520F62C14C206878F3DC2 /* view-model */ = {
			isa = PBXGroup;
			children = (
				1C152C96722ED4B3C59738F4 /* TrackListViewModel.swift */,
				1C152EC1E74F554CED745EA0 /* TrackViewModel.swift */,
			);
			path = "view-model";
			sourceTree = "<group>";
		};
		1C152154E35B87E917D803A5 = {
			isa = PBXGroup;
			children = (
				1C15290A71EB2A5F16E8D85F /* Products */,
				1C152287C4C0CAC5CDF3583F /* Festival */,
				1C15297DA235B697FC91DF7B /* FestivalTests */,
				1C1529FD870B8D09B3ABA843 /* FestivalUITests */,
			);
			sourceTree = "<group>";
		};
		1C152287C4C0CAC5CDF3583F /* Festival */ = {
			isa = PBXGroup;
			children = (
				1C152C908AB9530E5457DDC8 /* Assets.xcassets */,
				1C15281657A92DDB4716448D /* Preview Content */,
				1C152F0E7E970721A1C4F64F /* FestivalApp.swift */,
				1C15259F6F992EB7146F67A5 /* observer */,
				1C1524994B626A7115577AE6 /* model */,
				1C1520F62C14C206878F3DC2 /* view-model */,
				1C15228FF95EA1E5DD606505 /* view */,
				1C152F9F1CEF9C65DFCA828F /* intent */,
				1C152FFBD5E554E228756A73 /* state */,
				1C152B9B666FB8D5CD1D99DB /* exception */,
			);
			path = Festival;
			sourceTree = "<group>";
		};
		1C15228FF95EA1E5DD606505 /* view */ = {
			isa = PBXGroup;
			children = (
				1C152CB1AF2F8F5AA283A7F3 /* ContentView.swift */,
				1C152F615D04860EC83A69DE /* TrackDetailView.swift */,
			);
			path = view;
			sourceTree = "<group>";
		};
		1C1524994B626A7115577AE6 /* model */ = {
			isa = PBXGroup;
			children = (
			);
			path = model;
			sourceTree = "<group>";
		};
		1C15259F6F992EB7146F67A5 /* observer */ = {
			isa = PBXGroup;
			children = (
				1C152A8ECB6DC2A751E9965C /* TrackViewModelObserver.swift */,
			);
			path = observer;
			sourceTree = "<group>";
		};
		1C15281657A92DDB4716448D /* Preview Content */ = {
			isa = PBXGroup;
			children = (
				1C152FC62ABC588374A4E064 /* Preview Assets.xcassets */,
			);
			path = "Preview Content";
			sourceTree = "<group>";
		};
		1C15290A71EB2A5F16E8D85F /* Products */ = {
			isa = PBXGroup;
			children = (
				1C152ED14C0CAE86D82B7BF5 /* Festival.app */,
				1C1528E3E84DDDED11A0B1B6 /* FestivalTests.xctest */,
				1C1529469728113AEADAD04B /* FestivalUITests.xctest */,
			);
			name = Products;
			sourceTree = "<group>";
		};
		1C15297DA235B697FC91DF7B /* FestivalTests */ = {
			isa = PBXGroup;
			children = (
				1C152E4247CA6CA9A0318172 /* FestivalTests.swift */,
			);
			path = FestivalTests;
			sourceTree = "<group>";
		};
		1C1529FD870B8D09B3ABA843 /* FestivalUITests */ = {
			isa = PBXGroup;
			children = (
				1C152BAF65DA58183207BBAE /* FestivalUITests.swift */,
				1C152CDC6A95774A90C4E2DC /* FestivalUITestsLaunchTests.swift */,
			);
			path = FestivalUITests;
			sourceTree = "<group>";
		};
		1C152B9B666FB8D5CD1D99DB /* exception */ = {
			isa = PBXGroup;
			children = (
				1C1524BE6D3FBB84D3784016 /* TrackIntentError.swift */,
			);
			path = exception;
			sourceTree = "<group>";
		};
		1C152F9F1CEF9C65DFCA828F /* intent */ = {
			isa = PBXGroup;
			children = (
				1C152329FB496EE6FA685524 /* TrackIntent.swift */,
			);
			path = intent;
			sourceTree = "<group>";
		};
		1C152FFBD5E554E228756A73 /* state */ = {
			isa = PBXGroup;
			children = (
				1C152FE36821C4D0F3261C0E /* TrackState.swift */,
			);
			path = state;
			sourceTree = "<group>";
		};
/* End PBXGroup section */

/* Begin PBXNativeTarget section */
		1C1521C00BB2C7B5A99C2EEB /* FestivalTests */ = {
			isa = PBXNativeTarget;
			buildConfigurationList = 1C15234F1C0F7156E7FFA38E /* Build configuration list for PBXNativeTarget "FestivalTests" */;
			buildPhases = (
				1C15295714E31F44FE65DF6D /* Sources */,
				1C152093A75FF8BBFD1D5CB2 /* Frameworks */,
				1C152A966A8FC4B28309FCA6 /* Resources */,
			);
			buildRules = (
			);
			dependencies = (
				1C152B9D520DDE9CD1716BD6 /* PBXTargetDependency */,
			);
			name = FestivalTests;
			productName = FestivalTests;
			productReference = 1C1528E3E84DDDED11A0B1B6 /* FestivalTests.xctest */;
			productType = "com.apple.product-type.bundle.unit-test";
		};
		1C15221DFA691AF0FAE2D88B /* Festival */ = {
			isa = PBXNativeTarget;
			buildConfigurationList = 1C1528D5F9E37FDC5E514CF3 /* Build configuration list for PBXNativeTarget "Festival" */;
			buildPhases = (
				1C1522311CDEAE93A6E254F6 /* Sources */,
				1C15229F8606A1FF9C8371B1 /* Frameworks */,
				1C152B9B86873826BF38FCF6 /* Resources */,
			);
			buildRules = (
			);
			dependencies = (
			);
			name = Festival;
			productName = Festival;
			productReference = 1C152ED14C0CAE86D82B7BF5 /* Festival.app */;
			productType = "com.apple.product-type.application";
		};
		1C152750268D0F9AF44B2293 /* FestivalUITests */ = {
			isa = PBXNativeTarget;
			buildConfigurationList = 1C15276581F09251AD6BE0AA /* Build configuration list for PBXNativeTarget "FestivalUITests" */;
			buildPhases = (
				1C152E3D3D10F1E8A875FB99 /* Sources */,
				1C1527D2771D25759625FB98 /* Frameworks */,
				1C1529B0FB53B9AD35C7C29C /* Resources */,
			);
			buildRules = (
			);
			dependencies = (
				1C1520D1F3BD01E039AFE268 /* PBXTargetDependency */,
			);
			name = FestivalUITests;
			productName = FestivalUITests;
			productReference = 1C1529469728113AEADAD04B /* FestivalUITests.xctest */;
			productType = "com.apple.product-type.bundle.ui-testing";
		};
/* End PBXNativeTarget section */

/* Begin PBXProject section */
		1C152AC33EF0D12D635D5845 /* Project object */ = {
			isa = PBXProject;
			attributes = {
				TargetAttributes = {
					1C15221DFA691AF0FAE2D88B = {
						DevelopmentTeam = V3BN3HX3TT;
					};
				};
			};
			buildConfigurationList = 1C152EA1B4C3188326A47FD4 /* Build configuration list for PBXProject "Festival" */;
			compatibilityVersion = "Xcode 3.2";
			developmentRegion = English;
			hasScannedForEncodings = 0;
			knownRegions = (
				English,
				en,
			);
			mainGroup = 1C152154E35B87E917D803A5;
			productRefGroup = 1C15290A71EB2A5F16E8D85F /* Products */;
			projectDirPath = "";
			projectRoot = "";
			targets = (
				1C15221DFA691AF0FAE2D88B /* Festival */,
				1C1521C00BB2C7B5A99C2EEB /* FestivalTests */,
				1C152750268D0F9AF44B2293 /* FestivalUITests */,
			);
		};
/* End PBXProject section */

/* Begin PBXResourcesBuildPhase section */
		1C1529B0FB53B9AD35C7C29C /* Resources */ = {
			isa = PBXResourcesBuildPhase;
			buildActionMask = 2147483647;
			files = (
			);
			runOnlyForDeploymentPostprocessing = 0;
		};
		1C152A966A8FC4B28309FCA6 /* Resources */ = {
			isa = PBXResourcesBuildPhase;
			buildActionMask = 2147483647;
			files = (
			);
			runOnlyForDeploymentPostprocessing = 0;
		};
		1C152B9B86873826BF38FCF6 /* Resources */ = {
			isa = PBXResourcesBuildPhase;
			buildActionMask = 2147483647;
			files = (
				1C152C72EC5CC7C49269FF5A /* Assets.xcassets in Resources */,
				1C1522F06D0257757495246A /* Preview Assets.xcassets in Resources */,
			);
			runOnlyForDeploymentPostprocessing = 0;
		};
/* End PBXResourcesBuildPhase section */

/* Begin PBXSourcesBuildPhase section */
		1C1522311CDEAE93A6E254F6 /* Sources */ = {
			isa = PBXSourcesBuildPhase;
			buildActionMask = 2147483647;
			files = (
				1C152A69981C26DDBE8F48F4 /* FestivalApp.swift in Sources */,
				1C1527114AF1E76CBC745B51 /* TrackViewModelObserver.swift in Sources */,
				1C152F2D712B65ED91EBF580 /* TrackListViewModel.swift in Sources */,
				1C152F4DBF52B04AA17D979D /* TrackViewModel.swift in Sources */,
				1C1523FF24A3A7E746FEBF30 /* ContentView.swift in Sources */,
				1C152E738ACBFD5D0AF8D792 /* TrackDetailView.swift in Sources */,
				1C1521FBCF00126549B9A50B /* TrackState.swift in Sources */,
				1C152156935235749F97F370 /* TrackIntentError.swift in Sources */,
				1C1524B79F0C1360D61BE922 /* TrackIntent.swift in Sources */,
			);
			runOnlyForDeploymentPostprocessing = 0;
		};
		1C15295714E31F44FE65DF6D /* Sources */ = {
			isa = PBXSourcesBuildPhase;
			buildActionMask = 2147483647;
			files = (
				1C152EF2B7A3E29B6A9A39D4 /* FestivalTests.swift in Sources */,
			);
			runOnlyForDeploymentPostprocessing = 0;
		};
		1C152E3D3D10F1E8A875FB99 /* Sources */ = {
			isa = PBXSourcesBuildPhase;
			buildActionMask = 2147483647;
			files = (
				1C1528A2FF85D597F84C0B70 /* FestivalUITests.swift in Sources */,
				1C152ABB4D810820329136A9 /* FestivalUITestsLaunchTests.swift in Sources */,
			);
			runOnlyForDeploymentPostprocessing = 0;
		};
/* End PBXSourcesBuildPhase section */

/* Begin PBXTargetDependency section */
		1C1520D1F3BD01E039AFE268 /* PBXTargetDependency */ = {
			isa = PBXTargetDependency;
			target = 1C15221DFA691AF0FAE2D88B /* Festival */;
			targetProxy = 1C15239E0B6A0C846AA50EAB /* PBXContainerItemProxy */;
		};
		1C152B9D520DDE9CD1716BD6 /* PBXTargetDependency */ = {
			isa = PBXTargetDependency;
			target = 1C15221DFA691AF0FAE2D88B /* Festival */;
			targetProxy = 1C15276888F7F078F2468558 /* PBXContainerItemProxy */;
		};
/* End PBXTargetDependency section */

/* Begin XCBuildConfiguration section */
		1C1523656D940A533FFF5337 /* Release */ = {
			isa = XCBuildConfiguration;
			buildSettings = {
				ALWAYS_SEARCH_USER_PATHS = NO;
				CLANG_ANALYZER_NONNULL = YES;
				CLANG_ANALYZER_NUMBER_OBJECT_CONVERSION = YES_AGGRESSIVE;
				CLANG_CXX_LANGUAGE_STANDARD = "gnu++20";
				CLANG_ENABLE_MODULES = YES;
				CLANG_ENABLE_OBJC_ARC = YES;
				CLANG_ENABLE_OBJC_WEAK = YES;
				CLANG_WARN_BLOCK_CAPTURE_AUTORELEASING = YES;
				CLANG_WARN_BOOL_CONVERSION = YES;
				CLANG_WARN_COMMA = YES;
				CLANG_WARN_CONSTANT_CONVERSION = YES;
				CLANG_WARN_DEPRECATED_OBJC_IMPLEMENTATIONS = YES;
				CLANG_WARN_DIRECT_OBJC_ISA_USAGE = YES_ERROR;
				CLANG_WARN_DOCUMENTATION_COMMENTS = YES;
				CLANG_WARN_EMPTY_BODY = YES;
				CLANG_WARN_ENUM_CONVERSION = YES;
				CLANG_WARN_INFINITE_RECURSION = YES;
				CLANG_WARN_INT_CONVERSION = YES;
				CLANG_WARN_NON_LITERAL_NULL_CONVERSION = YES;
				CLANG_WARN_OBJC_IMPLICIT_RETAIN_SELF = YES;
				CLANG_WARN_OBJC_LITERAL_CONVERSION = YES;
				CLANG_WARN_OBJC_ROOT_CLASS = YES_ERROR;
				CLANG_WARN_QUOTED_INCLUDE_IN_FRAMEWORK_HEADER = YES;
				CLANG_WARN_RANGE_LOOP_ANALYSIS = YES;
				CLANG_WARN_STRICT_PROTOTYPES = YES;
				CLANG_WARN_SUSPICIOUS_MOVE = YES;
				CLANG_WARN_UNGUARDED_AVAILABILITY = YES_AGGRESSIVE;
				CLANG_WARN_UNREACHABLE_CODE = YES;
				CLANG_WARN__DUPLICATE_METHOD_MATCH = YES;
				COPY_PHASE_STRIP = NO;
				DEBUG_INFORMATION_FORMAT = "dwarf-with-dsym";
				ENABLE_NS_ASSERTIONS = NO;
				ENABLE_STRICT_OBJC_MSGSEND = YES;
				GCC_C_LANGUAGE_STANDARD = gnu11;
				GCC_NO_COMMON_BLOCKS = YES;
				GCC_WARN_64_TO_32_BIT_CONVERSION = YES;
				GCC_WARN_ABOUT_RETURN_TYPE = YES_ERROR;
				GCC_WARN_UNDECLARED_SELECTOR = YES;
				GCC_WARN_UNINITIALIZED_AUTOS = YES_AGGRESSIVE;
				GCC_WARN_UNUSED_FUNCTION = YES;
				GCC_WARN_UNUSED_VARIABLE = YES;
				IPHONEOS_DEPLOYMENT_TARGET = 16.0;
				MTL_ENABLE_DEBUG_INFO = NO;
				MTL_FAST_MATH = YES;
				OTHER_LDFLAGS = "\"-Xlinker -interposable\"";
				SDKROOT = iphoneos;
				SWIFT_OPTIMIZATION_LEVEL = "-Owholemodule";
				VALIDATE_PRODUCT = YES;
			};
			name = Release;
		};
		1C152624683B4748CC1CC62D /* Debug */ = {
			isa = XCBuildConfiguration;
			buildSettings = {
				CURRENT_PROJECT_VERSION = 1;
				GENERATE_INFOPLIST_FILE = YES;
				MARKETING_VERSION = 1.0;
				PRODUCT_BUNDLE_IDENTIFIER = org.FestivalUITests;
				PRODUCT_NAME = "$(TARGET_NAME)";
				SWIFT_EMIT_LOC_STRINGS = NO;
				SWIFT_VERSION = 5.0;
				TARGETED_DEVICE_FAMILY = "1,2";
				TEST_TARGET_NAME = Festival;
			};
			name = Debug;
		};
		1C152B47A5B83532324AD720 /* Debug */ = {
			isa = XCBuildConfiguration;
			buildSettings = {
				BUNDLE_LOADER = "$(BUILT_PRODUCTS_DIR)/Festival.app/Festival";
				CURRENT_PROJECT_VERSION = 1;
				GENERATE_INFOPLIST_FILE = YES;
				MARKETING_VERSION = 1.0;
				PRODUCT_BUNDLE_IDENTIFIER = org.FestivalTests;
				PRODUCT_NAME = "$(TARGET_NAME)";
				SWIFT_EMIT_LOC_STRINGS = NO;
				SWIFT_VERSION = 5.0;
				TARGETED_DEVICE_FAMILY = "1,2";
				TEST_HOST = "$(BUNDLE_LOADER)";
			};
			name = Debug;
		};
		1C152BB2C5176C8D6AC22880 /* Release */ = {
			isa = XCBuildConfiguration;
			buildSettings = {
				BUNDLE_LOADER = "$(BUILT_PRODUCTS_DIR)/Festival.app/Festival";
				CURRENT_PROJECT_VERSION = 1;
				GENERATE_INFOPLIST_FILE = YES;
				MARKETING_VERSION = 1.0;
				PRODUCT_BUNDLE_IDENTIFIER = org.FestivalTests;
				PRODUCT_NAME = "$(TARGET_NAME)";
				SWIFT_EMIT_LOC_STRINGS = NO;
				SWIFT_VERSION = 5.0;
				TARGETED_DEVICE_FAMILY = "1,2";
				TEST_HOST = "$(BUNDLE_LOADER)";
			};
			name = Release;
		};
		1C152C8A3789DEF4516B3A7D /* Debug */ = {
			isa = XCBuildConfiguration;
			buildSettings = {
				ASSETCATALOG_COMPILER_APPICON_NAME = AppIcon;
				ASSETCATALOG_COMPILER_GLOBAL_ACCENT_COLOR_NAME = AccentColor;
				CURRENT_PROJECT_VERSION = 1;
				DEVELOPMENT_ASSET_PATHS = "\"Festival/Preview Content\"";
				DEVELOPMENT_TEAM = V3BN3HX3TT;
				ENABLE_PREVIEWS = YES;
				GENERATE_INFOPLIST_FILE = YES;
				INFOPLIST_KEY_UIApplicationSceneManifest_Generation = YES;
				INFOPLIST_KEY_UIApplicationSupportsIndirectInputEvents = YES;
				INFOPLIST_KEY_UILaunchScreen_Generation = YES;
				INFOPLIST_KEY_UISupportedInterfaceOrientations_iPad = "UIInterfaceOrientationPortrait UIInterfaceOrientationPortraitUpsideDown UIInterfaceOrientationLandscapeLeft UIInterfaceOrientationLandscapeRight";
				INFOPLIST_KEY_UISupportedInterfaceOrientations_iPhone = "UIInterfaceOrientationPortrait UIInterfaceOrientationLandscapeLeft UIInterfaceOrientationLandscapeRight";
				LD_RUNPATH_SEARCH_PATHS = "$(inherited) @executable_path/Frameworks";
				MARKETING_VERSION = 1.0;
				PRODUCT_BUNDLE_IDENTIFIER = org.Festival;
				PRODUCT_NAME = "$(TARGET_NAME)";
				SWIFT_EMIT_LOC_STRINGS = YES;
				SWIFT_VERSION = 5.0;
				TARGETED_DEVICE_FAMILY = "1,2";
			};
			name = Debug;
		};
		1C152DE84CBB9A1CFD78D7D6 /* Release */ = {
			isa = XCBuildConfiguration;
			buildSettings = {
				ASSETCATALOG_COMPILER_APPICON_NAME = AppIcon;
				ASSETCATALOG_COMPILER_GLOBAL_ACCENT_COLOR_NAME = AccentColor;
				CURRENT_PROJECT_VERSION = 1;
				DEVELOPMENT_ASSET_PATHS = "\"Festival/Preview Content\"";
				DEVELOPMENT_TEAM = V3BN3HX3TT;
				ENABLE_PREVIEWS = YES;
				GENERATE_INFOPLIST_FILE = YES;
				INFOPLIST_KEY_UIApplicationSceneManifest_Generation = YES;
				INFOPLIST_KEY_UIApplicationSupportsIndirectInputEvents = YES;
				INFOPLIST_KEY_UILaunchScreen_Generation = YES;
				INFOPLIST_KEY_UISupportedInterfaceOrientations_iPad = "UIInterfaceOrientationPortrait UIInterfaceOrientationPortraitUpsideDown UIInterfaceOrientationLandscapeLeft UIInterfaceOrientationLandscapeRight";
				INFOPLIST_KEY_UISupportedInterfaceOrientations_iPhone = "UIInterfaceOrientationPortrait UIInterfaceOrientationLandscapeLeft UIInterfaceOrientationLandscapeRight";
				LD_RUNPATH_SEARCH_PATHS = "$(inherited) @executable_path/Frameworks";
				MARKETING_VERSION = 1.0;
				PRODUCT_BUNDLE_IDENTIFIER = org.Festival;
				PRODUCT_NAME = "$(TARGET_NAME)";
				SWIFT_EMIT_LOC_STRINGS = YES;
				SWIFT_VERSION = 5.0;
				TARGETED_DEVICE_FAMILY = "1,2";
			};
			name = Release;
		};
		1C152E290BFF6F4EAE0A4AE0 /* Debug */ = {
			isa = XCBuildConfiguration;
			buildSettings = {
				ALWAYS_SEARCH_USER_PATHS = NO;
				CLANG_ANALYZER_NONNULL = YES;
				CLANG_ANALYZER_NUMBER_OBJECT_CONVERSION = YES_AGGRESSIVE;
				CLANG_CXX_LANGUAGE_STANDARD = "gnu++20";
				CLANG_ENABLE_MODULES = YES;
				CLANG_ENABLE_OBJC_ARC = YES;
				CLANG_ENABLE_OBJC_WEAK = YES;
				CLANG_WARN_BLOCK_CAPTURE_AUTORELEASING = YES;
				CLANG_WARN_BOOL_CONVERSION = YES;
				CLANG_WARN_COMMA = YES;
				CLANG_WARN_CONSTANT_CONVERSION = YES;
				CLANG_WARN_DEPRECATED_OBJC_IMPLEMENTATIONS = YES;
				CLANG_WARN_DIRECT_OBJC_ISA_USAGE = YES_ERROR;
				CLANG_WARN_DOCUMENTATION_COMMENTS = YES;
				CLANG_WARN_EMPTY_BODY = YES;
				CLANG_WARN_ENUM_CONVERSION = YES;
				CLANG_WARN_INFINITE_RECURSION = YES;
				CLANG_WARN_INT_CONVERSION = YES;
				CLANG_WARN_NON_LITERAL_NULL_CONVERSION = YES;
				CLANG_WARN_OBJC_IMPLICIT_RETAIN_SELF = YES;
				CLANG_WARN_OBJC_LITERAL_CONVERSION = YES;
				CLANG_WARN_OBJC_ROOT_CLASS = YES_ERROR;
				CLANG_WARN_QUOTED_INCLUDE_IN_FRAMEWORK_HEADER = YES;
				CLANG_WARN_RANGE_LOOP_ANALYSIS = YES;
				CLANG_WARN_STRICT_PROTOTYPES = YES;
				CLANG_WARN_SUSPICIOUS_MOVE = YES;
				CLANG_WARN_UNGUARDED_AVAILABILITY = YES_AGGRESSIVE;
				CLANG_WARN_UNREACHABLE_CODE = YES;
				CLANG_WARN__DUPLICATE_METHOD_MATCH = YES;
				COPY_PHASE_STRIP = NO;
				DEBUG_INFORMATION_FORMAT = dwarf;
				ENABLE_STRICT_OBJC_MSGSEND = YES;
				ENABLE_TESTABILITY = YES;
				GCC_C_LANGUAGE_STANDARD = gnu11;
				GCC_DYNAMIC_NO_PIC = NO;
				GCC_NO_COMMON_BLOCKS = YES;
				GCC_OPTIMIZATION_LEVEL = 0;
				GCC_PREPROCESSOR_DEFINITIONS = (
					"DEBUG=1",
					"$(inherited)",
				);
				GCC_WARN_64_TO_32_BIT_CONVERSION = YES;
				GCC_WARN_ABOUT_RETURN_TYPE = YES_ERROR;
				GCC_WARN_UNDECLARED_SELECTOR = YES;
				GCC_WARN_UNINITIALIZED_AUTOS = YES_AGGRESSIVE;
				GCC_WARN_UNUSED_FUNCTION = YES;
				GCC_WARN_UNUSED_VARIABLE = YES;
				IPHONEOS_DEPLOYMENT_TARGET = 16.0;
				MTL_ENABLE_DEBUG_INFO = INCLUDE_SOURCE;
				MTL_FAST_MATH = YES;
				ONLY_ACTIVE_ARCH = YES;
				OTHER_LDFLAGS = "\"-Xlinker -interposable\"";
				SDKROOT = iphoneos;
				SWIFT_ACTIVE_COMPILATION_CONDITIONS = DEBUG;
				SWIFT_OPTIMIZATION_LEVEL = "-Onone";
			};
			name = Debug;
		};
		1C152EF40C4270720936EB97 /* Release */ = {
			isa = XCBuildConfiguration;
			buildSettings = {
				CURRENT_PROJECT_VERSION = 1;
				GENERATE_INFOPLIST_FILE = YES;
				MARKETING_VERSION = 1.0;
				PRODUCT_BUNDLE_IDENTIFIER = org.FestivalUITests;
				PRODUCT_NAME = "$(TARGET_NAME)";
				SWIFT_EMIT_LOC_STRINGS = NO;
				SWIFT_VERSION = 5.0;
				TARGETED_DEVICE_FAMILY = "1,2";
				TEST_TARGET_NAME = Festival;
			};
			name = Release;
		};
/* End XCBuildConfiguration section */

/* Begin XCConfigurationList section */
		1C15234F1C0F7156E7FFA38E /* Build configuration list for PBXNativeTarget "FestivalTests" */ = {
			isa = XCConfigurationList;
			buildConfigurations = (
				1C152B47A5B83532324AD720 /* Debug */,
				1C152BB2C5176C8D6AC22880 /* Release */,
			);
			defaultConfigurationIsVisible = 0;
			defaultConfigurationName = Release;
		};
		1C15276581F09251AD6BE0AA /* Build configuration list for PBXNativeTarget "FestivalUITests" */ = {
			isa = XCConfigurationList;
			buildConfigurations = (
				1C152624683B4748CC1CC62D /* Debug */,
				1C152EF40C4270720936EB97 /* Release */,
			);
			defaultConfigurationIsVisible = 0;
			defaultConfigurationName = Release;
		};
		1C1528D5F9E37FDC5E514CF3 /* Build configuration list for PBXNativeTarget "Festival" */ = {
			isa = XCConfigurationList;
			buildConfigurations = (
				1C152C8A3789DEF4516B3A7D /* Debug */,
				1C152DE84CBB9A1CFD78D7D6 /* Release */,
			);
			defaultConfigurationIsVisible = 0;
			defaultConfigurationName = Release;
		};
		1C152EA1B4C3188326A47FD4 /* Build configuration list for PBXProject "Festival" */ = {
			isa = XCConfigurationList;
			buildConfigurations = (
				1C152E290BFF6F4EAE0A4AE0 /* Debug */,
				1C1523656D940A533FFF5337 /* Release */,
			);
			defaultConfigurationIsVisible = 0;
			defaultConfigurationName = Release;
		};
/* End XCConfigurationList section */
	};
	rootObject = 1C152AC33EF0D12D635D5845 /* Project object */;
}
