// !$*UTF8*$!
{
	archiveVersion = 1;
	classes = {
	};
	objectVersion = 46;
	objects = {

/* Begin PBXBuildFile section */
		1C1520838EF77856B954C38E /* FestivalDetailState.swift in Sources */ = {isa = PBXBuildFile; fileRef = 1C152281A1558E96AA9F7027 /* FestivalDetailState.swift */; };
		1C15209A24E1A23A3F5B8B3E /* FestivalDayView.swift in Sources */ = {isa = PBXBuildFile; fileRef = 1C1528DE632E432A2205370E /* FestivalDayView.swift */; };
		1C152139FE361833C62F47AD /* FestivalDayIntent.swift in Sources */ = {isa = PBXBuildFile; fileRef = 1C152490012C9FB8AB0249B8 /* FestivalDayIntent.swift */; };
		1C152159C9B3E7DD244F9F64 /* SlotModelDto.swift in Sources */ = {isa = PBXBuildFile; fileRef = 1C152272F30FDAE38490DC66 /* SlotModelDto.swift */; };
		1C15218E8D448DFB7AAD1680 /* UserModel.swift in Sources */ = {isa = PBXBuildFile; fileRef = 1C15208E37D6B6C0381D7334 /* UserModel.swift */; };
		1C1521C15DBC432987E8236C /* FestivalSlotIntent.swift in Sources */ = {isa = PBXBuildFile; fileRef = 1C152B56A4BB72F2242BE427 /* FestivalSlotIntent.swift */; };
		1C1522D33DE72E2806E723C9 /* LoginView.swift in Sources */ = {isa = PBXBuildFile; fileRef = 1C152F203C83E12C95D05769 /* LoginView.swift */; };
		1C1522F06D0257757495246A /* Preview Assets.xcassets in Resources */ = {isa = PBXBuildFile; fileRef = 1C152FC62ABC588374A4E064 /* Preview Assets.xcassets */; };
		1C15236C24F349E3B18882E3 /* FestivalView.swift in Sources */ = {isa = PBXBuildFile; fileRef = 1C152A8F84D5156EA4C26C74 /* FestivalView.swift */; };
		1C1523FAFC76F86811299642 /* TextAdmin.swift in Sources */ = {isa = PBXBuildFile; fileRef = 1C152C9AA2239CC4AD491881 /* TextAdmin.swift */; };
		1C1523FF347ADCF91F60A02E /* DateExtension.swift in Sources */ = {isa = PBXBuildFile; fileRef = 1C152FE3332C3438D7CE2684 /* DateExtension.swift */; };
		1C152409F600F4FB9C9897E5 /* UserDao.swift in Sources */ = {isa = PBXBuildFile; fileRef = 1C152C8260E453A6AEDEB9FB /* UserDao.swift */; };
		1C152412C9C9419E0510F3C7 /* SlotModel.swift in Sources */ = {isa = PBXBuildFile; fileRef = 1C152E287888C4A021C2782C /* SlotModel.swift */; };
		1C1524B0437CF36FA0078689 /* Dao.swift in Sources */ = {isa = PBXBuildFile; fileRef = 1C1526B37C5C0B6A682B8AE3 /* Dao.swift */; };
		1C15252CD1D36E856A851A13 /* GameListIntent.swift in Sources */ = {isa = PBXBuildFile; fileRef = 1C1522210E603CD85B92A923 /* GameListIntent.swift */; };
		1C1525A0923206F4D4A73D56 /* GameListIntentError.swift in Sources */ = {isa = PBXBuildFile; fileRef = 1C152D16390E59474E30DE38 /* GameListIntentError.swift */; };
		1C152614D07A164B98274B0B /* GameDao.swift in Sources */ = {isa = PBXBuildFile; fileRef = 1C1525E383DE5EC8E1A3E82E /* GameDao.swift */; };
		1C152616E4D566E549677744 /* FestivalDayState.swift in Sources */ = {isa = PBXBuildFile; fileRef = 1C152011F02A2B070CA6734B /* FestivalDayState.swift */; };
		1C152644F12B58FD2E956CAA /* DayModelDto.swift in Sources */ = {isa = PBXBuildFile; fileRef = 1C152D692AF0456B76887243 /* DayModelDto.swift */; };
		1C15267019F3E1D574988248 /* GameState.swift in Sources */ = {isa = PBXBuildFile; fileRef = 1C152802855BE508C96750EF /* GameState.swift */; };
		1C15268BA10853581A6613D3 /* GameListState.swift in Sources */ = {isa = PBXBuildFile; fileRef = 1C152C1426385503F145A51F /* GameListState.swift */; };
		1C1526C8573829C682052A7D /* FestivalListView.swift in Sources */ = {isa = PBXBuildFile; fileRef = 1C152FC59CE47D2923CA4F53 /* FestivalListView.swift */; };
		1C1526F999FDE14A228F5FD2 /* ProfileView.swift in Sources */ = {isa = PBXBuildFile; fileRef = 1C1525254DA4F35F2830C97C /* ProfileView.swift */; };
		1C1527D5A319197C17968AC2 /* GameIntentError.swift in Sources */ = {isa = PBXBuildFile; fileRef = 1C1526759D14DE1B9DB1D36F /* GameIntentError.swift */; };
		1C1527F4FB846AE9EFE6D9EB /* FestivalListModel.swift in Sources */ = {isa = PBXBuildFile; fileRef = 1C15256808781860F284F6D6 /* FestivalListModel.swift */; };
		1C1528275F50FFCAA5D73631 /* StringExtension.swift in Sources */ = {isa = PBXBuildFile; fileRef = 1C152070D6B9FE6D40DD7A13 /* StringExtension.swift */; };
		1C152878E27EECEE13AA0493 /* GameUpdateView.swift in Sources */ = {isa = PBXBuildFile; fileRef = 1C152C8044589281DEE3577F /* GameUpdateView.swift */; };
		1C1528A2FF85D597F84C0B70 /* FestivalUITests.swift in Sources */ = {isa = PBXBuildFile; fileRef = 1C152BAF65DA58183207BBAE /* FestivalUITests.swift */; };
		1C1528A663BD914113B6FD47 /* FestivalModel.swift in Sources */ = {isa = PBXBuildFile; fileRef = 1C152215AA750AA51AEC5152 /* FestivalModel.swift */; };
		1C15291DF969CB9B78765F79 /* JWTHelper.swift in Sources */ = {isa = PBXBuildFile; fileRef = 1C152E3E3E06920E08705024 /* JWTHelper.swift */; };
		1C1529514A99063426CDA8E8 /* GameModel.swift in Sources */ = {isa = PBXBuildFile; fileRef = 1C1523C04588EA7E942B18A3 /* GameModel.swift */; };
		1C1529A4E00DE00B095E3CC6 /* ZoneModel.swift in Sources */ = {isa = PBXBuildFile; fileRef = 1C152715EBDCB1C8B1FFD8E1 /* ZoneModel.swift */; };
		1C152A1B97CD77DE2FCE62F2 /* GameListViewBis.swift in Sources */ = {isa = PBXBuildFile; fileRef = 1C152A0EDAFDB94AF7B5BBF4 /* GameListViewBis.swift */; };
		1C152A69981C26DDBE8F48F4 /* FestivalApp.swift in Sources */ = {isa = PBXBuildFile; fileRef = 1C152F0E7E970721A1C4F64F /* FestivalApp.swift */; };
		1C152ABB4D810820329136A9 /* FestivalUITestsLaunchTests.swift in Sources */ = {isa = PBXBuildFile; fileRef = 1C152CDC6A95774A90C4E2DC /* FestivalUITestsLaunchTests.swift */; };
		1C152AC1D80AC12347CF4375 /* ViewExtension.swift in Sources */ = {isa = PBXBuildFile; fileRef = 1C1529AE90C9A85BC1F17C80 /* ViewExtension.swift */; };
		1C152ACBBCD8333BA3BA7F6E /* FestivalListState.swift in Sources */ = {isa = PBXBuildFile; fileRef = 1C1528388139044F2A9E24B4 /* FestivalListState.swift */; };
		1C152AE0CF639EA12A6567F3 /* FestivalSlotState.swift in Sources */ = {isa = PBXBuildFile; fileRef = 1C152B3A72C32998EC80D08E /* FestivalSlotState.swift */; };
		1C152B52D50319DC1E68003E /* FestivalSlotView.swift in Sources */ = {isa = PBXBuildFile; fileRef = 1C152F8F56D05A2C816BCBE4 /* FestivalSlotView.swift */; };
		1C152B634A5EACC84B260381 /* FestivalZoneView.swift in Sources */ = {isa = PBXBuildFile; fileRef = 1C15274C7E57EFCE686DB943 /* FestivalZoneView.swift */; };
		1C152B67CA685CCF1004AFB7 /* FestivalModelDto.swift in Sources */ = {isa = PBXBuildFile; fileRef = 1C1520A69BFFA7422E12E3A1 /* FestivalModelDto.swift */; };
		1C152B99C8DF74F7EDF4BED6 /* ZoneModelDto.swift in Sources */ = {isa = PBXBuildFile; fileRef = 1C15244921E7E32B89B1C325 /* ZoneModelDto.swift */; };
		1C152BC9797098FCFCBE19D0 /* FestivalDetailIntent.swift in Sources */ = {isa = PBXBuildFile; fileRef = 1C152D008F4E6F6F2E86729E /* FestivalDetailIntent.swift */; };
		1C152BE6F1578D633C42520F /* FestivalListIntent.swift in Sources */ = {isa = PBXBuildFile; fileRef = 1C1522ECCA56C782A9537272 /* FestivalListIntent.swift */; };
		1C152C6EE547ECDBBFA4F961 /* FestivalDetailView.swift in Sources */ = {isa = PBXBuildFile; fileRef = 1C152CEB4823687ED9D87D5A /* FestivalDetailView.swift */; };
		1C152C72EC5CC7C49269FF5A /* Assets.xcassets in Resources */ = {isa = PBXBuildFile; fileRef = 1C152C908AB9530E5457DDC8 /* Assets.xcassets */; };
		1C152C761D55E827719456D6 /* IsVisibleViewModifier.swift in Sources */ = {isa = PBXBuildFile; fileRef = 1C1524A2996F070EEF698F63 /* IsVisibleViewModifier.swift */; };
		1C152C7DF19857DFA4B58FC7 /* UserView.swift in Sources */ = {isa = PBXBuildFile; fileRef = 1C1523FED330AC20888CF4F4 /* UserView.swift */; };
		1C152CC41A8285233DB80F25 /* RegisterView.swift in Sources */ = {isa = PBXBuildFile; fileRef = 1C152251D32636697C3BD130 /* RegisterView.swift */; };
		1C152D296E239335D110D07A /* ContentView.swift in Sources */ = {isa = PBXBuildFile; fileRef = 1C1523BC8EDFFBB3EFF58D68 /* ContentView.swift */; };
		1C152D4EAF6DC1721F415835 /* GameIntent.swift in Sources */ = {isa = PBXBuildFile; fileRef = 1C15220AF5ECEA9AF948BA52 /* GameIntent.swift */; };
		1C152DBB649DCAD17A3EFF38 /* DayModel.swift in Sources */ = {isa = PBXBuildFile; fileRef = 1C1528E2A317BFB357FD10D4 /* DayModel.swift */; };
		1C152E3467634D69B07CD0DB /* HttpError.swift in Sources */ = {isa = PBXBuildFile; fileRef = 1C152A3B8E02C5C64E884BAF /* HttpError.swift */; };
		1C152E87DD99778466251029 /* GameListModel.swift in Sources */ = {isa = PBXBuildFile; fileRef = 1C1527D5BAFBB2ABF594DDBC /* GameListModel.swift */; };
		1C152EB9443BFEE910874B8D /* GameListView.swift in Sources */ = {isa = PBXBuildFile; fileRef = 1C152AAC1CD629C833E0E304 /* GameListView.swift */; };
		1C152EE6C3C5DD85571244F2 /* UserModelDto.swift in Sources */ = {isa = PBXBuildFile; fileRef = 1C15208BF85505D250008986 /* UserModelDto.swift */; };
		1C152EF2B7A3E29B6A9A39D4 /* FestivalTests.swift in Sources */ = {isa = PBXBuildFile; fileRef = 1C152E4247CA6CA9A0318172 /* FestivalTests.swift */; };
		1C152F92C232263E5226DC0F /* GameView.swift in Sources */ = {isa = PBXBuildFile; fileRef = 1C152012C8287FB588A6BE7A /* GameView.swift */; };
		1C152FCBA0A996069FCCA874 /* FestivalDao.swift in Sources */ = {isa = PBXBuildFile; fileRef = 1C152B0CD81D16B96A081672 /* FestivalDao.swift */; };
		E2639DF629B9FF410018F869 /* JSONHelper.swift in Sources */ = {isa = PBXBuildFile; fileRef = E2639DF529B9FF410018F869 /* JSONHelper.swift */; };
/* End PBXBuildFile section */

/* Begin PBXContainerItemProxy section */
		1C15239E0B6A0C846AA50EAB /* PBXContainerItemProxy */ = {
			isa = PBXContainerItemProxy;
			containerPortal = 1C152AC33EF0D12D635D5845 /* Project object */;
			proxyType = 1;
			remoteGlobalIDString = 1C15221DFA691AF0FAE2D88B;
			remoteInfo = Festival;
		};
		1C15276888F7F078F2468558 /* PBXContainerItemProxy */ = {
			isa = PBXContainerItemProxy;
			containerPortal = 1C152AC33EF0D12D635D5845 /* Project object */;
			proxyType = 1;
			remoteGlobalIDString = 1C15221DFA691AF0FAE2D88B;
			remoteInfo = Festival;
		};
/* End PBXContainerItemProxy section */

/* Begin PBXFileReference section */
		1C152011F02A2B070CA6734B /* FestivalDayState.swift */ = {isa = PBXFileReference; fileEncoding = 4; lastKnownFileType = sourcecode.swift; path = FestivalDayState.swift; sourceTree = "<group>"; };
		1C152012C8287FB588A6BE7A /* GameView.swift */ = {isa = PBXFileReference; fileEncoding = 4; lastKnownFileType = sourcecode.swift; path = GameView.swift; sourceTree = "<group>"; };
		1C152070D6B9FE6D40DD7A13 /* StringExtension.swift */ = {isa = PBXFileReference; fileEncoding = 4; lastKnownFileType = sourcecode.swift; path = StringExtension.swift; sourceTree = "<group>"; };
		1C15208BF85505D250008986 /* UserModelDto.swift */ = {isa = PBXFileReference; fileEncoding = 4; lastKnownFileType = sourcecode.swift; path = UserModelDto.swift; sourceTree = "<group>"; };
		1C15208E37D6B6C0381D7334 /* UserModel.swift */ = {isa = PBXFileReference; fileEncoding = 4; lastKnownFileType = sourcecode.swift; path = UserModel.swift; sourceTree = "<group>"; };
		1C1520A69BFFA7422E12E3A1 /* FestivalModelDto.swift */ = {isa = PBXFileReference; fileEncoding = 4; lastKnownFileType = sourcecode.swift; path = FestivalModelDto.swift; sourceTree = "<group>"; };
		1C15220AF5ECEA9AF948BA52 /* GameIntent.swift */ = {isa = PBXFileReference; fileEncoding = 4; lastKnownFileType = sourcecode.swift; path = GameIntent.swift; sourceTree = "<group>"; };
		1C152215AA750AA51AEC5152 /* FestivalModel.swift */ = {isa = PBXFileReference; fileEncoding = 4; lastKnownFileType = sourcecode.swift; path = FestivalModel.swift; sourceTree = "<group>"; };
		1C1522210E603CD85B92A923 /* GameListIntent.swift */ = {isa = PBXFileReference; fileEncoding = 4; lastKnownFileType = sourcecode.swift; path = GameListIntent.swift; sourceTree = "<group>"; };
		1C152251D32636697C3BD130 /* RegisterView.swift */ = {isa = PBXFileReference; fileEncoding = 4; lastKnownFileType = sourcecode.swift; path = RegisterView.swift; sourceTree = "<group>"; };
		1C152272F30FDAE38490DC66 /* SlotModelDto.swift */ = {isa = PBXFileReference; fileEncoding = 4; lastKnownFileType = sourcecode.swift; path = SlotModelDto.swift; sourceTree = "<group>"; };
		1C152281A1558E96AA9F7027 /* FestivalDetailState.swift */ = {isa = PBXFileReference; fileEncoding = 4; lastKnownFileType = sourcecode.swift; path = FestivalDetailState.swift; sourceTree = "<group>"; };
		1C1522ECCA56C782A9537272 /* FestivalListIntent.swift */ = {isa = PBXFileReference; fileEncoding = 4; lastKnownFileType = sourcecode.swift; path = FestivalListIntent.swift; sourceTree = "<group>"; };
		1C1523BC8EDFFBB3EFF58D68 /* ContentView.swift */ = {isa = PBXFileReference; fileEncoding = 4; lastKnownFileType = sourcecode.swift; path = ContentView.swift; sourceTree = "<group>"; };
		1C1523C04588EA7E942B18A3 /* GameModel.swift */ = {isa = PBXFileReference; fileEncoding = 4; lastKnownFileType = sourcecode.swift; path = GameModel.swift; sourceTree = "<group>"; };
		1C1523FED330AC20888CF4F4 /* UserView.swift */ = {isa = PBXFileReference; fileEncoding = 4; lastKnownFileType = sourcecode.swift; path = UserView.swift; sourceTree = "<group>"; };
		1C15244921E7E32B89B1C325 /* ZoneModelDto.swift */ = {isa = PBXFileReference; fileEncoding = 4; lastKnownFileType = sourcecode.swift; path = ZoneModelDto.swift; sourceTree = "<group>"; };
		1C152490012C9FB8AB0249B8 /* FestivalDayIntent.swift */ = {isa = PBXFileReference; fileEncoding = 4; lastKnownFileType = sourcecode.swift; path = FestivalDayIntent.swift; sourceTree = "<group>"; };
		1C1524A2996F070EEF698F63 /* IsVisibleViewModifier.swift */ = {isa = PBXFileReference; fileEncoding = 4; lastKnownFileType = sourcecode.swift; path = IsVisibleViewModifier.swift; sourceTree = "<group>"; };
		1C1525254DA4F35F2830C97C /* ProfileView.swift */ = {isa = PBXFileReference; fileEncoding = 4; lastKnownFileType = sourcecode.swift; path = ProfileView.swift; sourceTree = "<group>"; };
		1C15256808781860F284F6D6 /* FestivalListModel.swift */ = {isa = PBXFileReference; fileEncoding = 4; lastKnownFileType = sourcecode.swift; path = FestivalListModel.swift; sourceTree = "<group>"; };
		1C1525E383DE5EC8E1A3E82E /* GameDao.swift */ = {isa = PBXFileReference; fileEncoding = 4; lastKnownFileType = sourcecode.swift; path = GameDao.swift; sourceTree = "<group>"; };
		1C1526759D14DE1B9DB1D36F /* GameIntentError.swift */ = {isa = PBXFileReference; fileEncoding = 4; lastKnownFileType = sourcecode.swift; path = GameIntentError.swift; sourceTree = "<group>"; };
		1C1526B37C5C0B6A682B8AE3 /* Dao.swift */ = {isa = PBXFileReference; fileEncoding = 4; lastKnownFileType = sourcecode.swift; path = Dao.swift; sourceTree = "<group>"; };
		1C152715EBDCB1C8B1FFD8E1 /* ZoneModel.swift */ = {isa = PBXFileReference; fileEncoding = 4; lastKnownFileType = sourcecode.swift; path = ZoneModel.swift; sourceTree = "<group>"; };
		1C15274C7E57EFCE686DB943 /* FestivalZoneView.swift */ = {isa = PBXFileReference; fileEncoding = 4; lastKnownFileType = sourcecode.swift; path = FestivalZoneView.swift; sourceTree = "<group>"; };
		1C1527D5BAFBB2ABF594DDBC /* GameListModel.swift */ = {isa = PBXFileReference; fileEncoding = 4; lastKnownFileType = sourcecode.swift; path = GameListModel.swift; sourceTree = "<group>"; };
		1C152802855BE508C96750EF /* GameState.swift */ = {isa = PBXFileReference; fileEncoding = 4; lastKnownFileType = sourcecode.swift; path = GameState.swift; sourceTree = "<group>"; };
		1C1528388139044F2A9E24B4 /* FestivalListState.swift */ = {isa = PBXFileReference; fileEncoding = 4; lastKnownFileType = sourcecode.swift; path = FestivalListState.swift; sourceTree = "<group>"; };
		1C1528DE632E432A2205370E /* FestivalDayView.swift */ = {isa = PBXFileReference; fileEncoding = 4; lastKnownFileType = sourcecode.swift; path = FestivalDayView.swift; sourceTree = "<group>"; };
		1C1528E2A317BFB357FD10D4 /* DayModel.swift */ = {isa = PBXFileReference; fileEncoding = 4; lastKnownFileType = sourcecode.swift; path = DayModel.swift; sourceTree = "<group>"; };
		1C1528E3E84DDDED11A0B1B6 /* FestivalTests.xctest */ = {isa = PBXFileReference; explicitFileType = wrapper.cfbundle; includeInIndex = 0; path = FestivalTests.xctest; sourceTree = BUILT_PRODUCTS_DIR; };
		1C1529469728113AEADAD04B /* FestivalUITests.xctest */ = {isa = PBXFileReference; explicitFileType = wrapper.cfbundle; includeInIndex = 0; path = FestivalUITests.xctest; sourceTree = BUILT_PRODUCTS_DIR; };
		1C1529AE90C9A85BC1F17C80 /* ViewExtension.swift */ = {isa = PBXFileReference; fileEncoding = 4; lastKnownFileType = sourcecode.swift; path = ViewExtension.swift; sourceTree = "<group>"; };
		1C152A0EDAFDB94AF7B5BBF4 /* GameListViewBis.swift */ = {isa = PBXFileReference; fileEncoding = 4; lastKnownFileType = sourcecode.swift; path = GameListViewBis.swift; sourceTree = "<group>"; };
		1C152A3B8E02C5C64E884BAF /* HttpError.swift */ = {isa = PBXFileReference; fileEncoding = 4; lastKnownFileType = sourcecode.swift; path = HttpError.swift; sourceTree = "<group>"; };
		1C152A8F84D5156EA4C26C74 /* FestivalView.swift */ = {isa = PBXFileReference; fileEncoding = 4; lastKnownFileType = sourcecode.swift; path = FestivalView.swift; sourceTree = "<group>"; };
		1C152AAC1CD629C833E0E304 /* GameListView.swift */ = {isa = PBXFileReference; fileEncoding = 4; lastKnownFileType = sourcecode.swift; path = GameListView.swift; sourceTree = "<group>"; };
		1C152B0CD81D16B96A081672 /* FestivalDao.swift */ = {isa = PBXFileReference; fileEncoding = 4; lastKnownFileType = sourcecode.swift; path = FestivalDao.swift; sourceTree = "<group>"; };
		1C152B3A72C32998EC80D08E /* FestivalSlotState.swift */ = {isa = PBXFileReference; fileEncoding = 4; lastKnownFileType = sourcecode.swift; path = FestivalSlotState.swift; sourceTree = "<group>"; };
		1C152B56A4BB72F2242BE427 /* FestivalSlotIntent.swift */ = {isa = PBXFileReference; fileEncoding = 4; lastKnownFileType = sourcecode.swift; path = FestivalSlotIntent.swift; sourceTree = "<group>"; };
		1C152BAF65DA58183207BBAE /* FestivalUITests.swift */ = {isa = PBXFileReference; lastKnownFileType = sourcecode.swift; path = FestivalUITests.swift; sourceTree = "<group>"; };
		1C152C1426385503F145A51F /* GameListState.swift */ = {isa = PBXFileReference; fileEncoding = 4; lastKnownFileType = sourcecode.swift; path = GameListState.swift; sourceTree = "<group>"; };
		1C152C8044589281DEE3577F /* GameUpdateView.swift */ = {isa = PBXFileReference; fileEncoding = 4; lastKnownFileType = sourcecode.swift; path = GameUpdateView.swift; sourceTree = "<group>"; };
		1C152C8260E453A6AEDEB9FB /* UserDao.swift */ = {isa = PBXFileReference; fileEncoding = 4; lastKnownFileType = sourcecode.swift; path = UserDao.swift; sourceTree = "<group>"; };
		1C152C908AB9530E5457DDC8 /* Assets.xcassets */ = {isa = PBXFileReference; lastKnownFileType = folder.assetcatalog; path = Assets.xcassets; sourceTree = "<group>"; };
		1C152C9AA2239CC4AD491881 /* TextAdmin.swift */ = {isa = PBXFileReference; fileEncoding = 4; lastKnownFileType = sourcecode.swift; path = TextAdmin.swift; sourceTree = "<group>"; };
		1C152CDC6A95774A90C4E2DC /* FestivalUITestsLaunchTests.swift */ = {isa = PBXFileReference; lastKnownFileType = sourcecode.swift; path = FestivalUITestsLaunchTests.swift; sourceTree = "<group>"; };
		1C152CEB4823687ED9D87D5A /* FestivalDetailView.swift */ = {isa = PBXFileReference; fileEncoding = 4; lastKnownFileType = sourcecode.swift; path = FestivalDetailView.swift; sourceTree = "<group>"; };
		1C152D008F4E6F6F2E86729E /* FestivalDetailIntent.swift */ = {isa = PBXFileReference; fileEncoding = 4; lastKnownFileType = sourcecode.swift; path = FestivalDetailIntent.swift; sourceTree = "<group>"; };
		1C152D16390E59474E30DE38 /* GameListIntentError.swift */ = {isa = PBXFileReference; fileEncoding = 4; lastKnownFileType = sourcecode.swift; path = GameListIntentError.swift; sourceTree = "<group>"; };
		1C152D692AF0456B76887243 /* DayModelDto.swift */ = {isa = PBXFileReference; fileEncoding = 4; lastKnownFileType = sourcecode.swift; path = DayModelDto.swift; sourceTree = "<group>"; };
		1C152E287888C4A021C2782C /* SlotModel.swift */ = {isa = PBXFileReference; fileEncoding = 4; lastKnownFileType = sourcecode.swift; path = SlotModel.swift; sourceTree = "<group>"; };
		1C152E3E3E06920E08705024 /* JWTHelper.swift */ = {isa = PBXFileReference; fileEncoding = 4; lastKnownFileType = sourcecode.swift; path = JWTHelper.swift; sourceTree = "<group>"; };
		1C152E4247CA6CA9A0318172 /* FestivalTests.swift */ = {isa = PBXFileReference; lastKnownFileType = sourcecode.swift; path = FestivalTests.swift; sourceTree = "<group>"; };
		1C152ED14C0CAE86D82B7BF5 /* Festival.app */ = {isa = PBXFileReference; explicitFileType = wrapper.application; includeInIndex = 0; path = Festival.app; sourceTree = BUILT_PRODUCTS_DIR; };
		1C152F0E7E970721A1C4F64F /* FestivalApp.swift */ = {isa = PBXFileReference; lastKnownFileType = sourcecode.swift; path = FestivalApp.swift; sourceTree = "<group>"; };
		1C152F203C83E12C95D05769 /* LoginView.swift */ = {isa = PBXFileReference; fileEncoding = 4; lastKnownFileType = sourcecode.swift; path = LoginView.swift; sourceTree = "<group>"; };
		1C152F8F56D05A2C816BCBE4 /* FestivalSlotView.swift */ = {isa = PBXFileReference; fileEncoding = 4; lastKnownFileType = sourcecode.swift; path = FestivalSlotView.swift; sourceTree = "<group>"; };
		1C152FC59CE47D2923CA4F53 /* FestivalListView.swift */ = {isa = PBXFileReference; fileEncoding = 4; lastKnownFileType = sourcecode.swift; path = FestivalListView.swift; sourceTree = "<group>"; };
		1C152FC62ABC588374A4E064 /* Preview Assets.xcassets */ = {isa = PBXFileReference; lastKnownFileType = folder.assetcatalog; path = "Preview Assets.xcassets"; sourceTree = "<group>"; };
		1C152FE3332C3438D7CE2684 /* DateExtension.swift */ = {isa = PBXFileReference; fileEncoding = 4; lastKnownFileType = sourcecode.swift; path = DateExtension.swift; sourceTree = "<group>"; };
		E2639DF529B9FF410018F869 /* JSONHelper.swift */ = {isa = PBXFileReference; lastKnownFileType = sourcecode.swift; path = JSONHelper.swift; sourceTree = "<group>"; };
		E27C1ADD29D510F500C69F21 /* Info.plist */ = {isa = PBXFileReference; lastKnownFileType = text.plist; path = Info.plist; sourceTree = "<group>"; };
/* End PBXFileReference section */

/* Begin PBXFrameworksBuildPhase section */
		1C152093A75FF8BBFD1D5CB2 /* Frameworks */ = {
			isa = PBXFrameworksBuildPhase;
			buildActionMask = 2147483647;
			files = (
			);
			runOnlyForDeploymentPostprocessing = 0;
		};
		1C15229F8606A1FF9C8371B1 /* Frameworks */ = {
			isa = PBXFrameworksBuildPhase;
			buildActionMask = 2147483647;
			files = (
			);
			runOnlyForDeploymentPostprocessing = 0;
		};
		1C1527D2771D25759625FB98 /* Frameworks */ = {
			isa = PBXFrameworksBuildPhase;
			buildActionMask = 2147483647;
			files = (
			);
			runOnlyForDeploymentPostprocessing = 0;
		};
/* End PBXFrameworksBuildPhase section */

/* Begin PBXGroup section */
		1C152154E35B87E917D803A5 = {
			isa = PBXGroup;
			children = (
				1C15290A71EB2A5F16E8D85F /* Products */,
				1C152287C4C0CAC5CDF3583F /* Festival */,
				1C15297DA235B697FC91DF7B /* FestivalTests */,
				1C1529FD870B8D09B3ABA843 /* FestivalUITests */,
			);
			sourceTree = "<group>";
		};
		1C152169B3E94359CC3BF00D /* List */ = {
			isa = PBXGroup;
			children = (
				1C152AAC1CD629C833E0E304 /* GameListView.swift */,
				1C152A0EDAFDB94AF7B5BBF4 /* GameListViewBis.swift */,
				1C1522210E603CD85B92A923 /* GameListIntent.swift */,
				1C152D16390E59474E30DE38 /* GameListIntentError.swift */,
				1C152C1426385503F145A51F /* GameListState.swift */,
			);
			path = List;
			sourceTree = "<group>";
		};
		1C1522656F745F538D227F9A /* Slot */ = {
			isa = PBXGroup;
			children = (
				1C152F8F56D05A2C816BCBE4 /* FestivalSlotView.swift */,
				1C152B3A72C32998EC80D08E /* FestivalSlotState.swift */,
				1C152B56A4BB72F2242BE427 /* FestivalSlotIntent.swift */,
			);
			path = Slot;
			sourceTree = "<group>";
		};
		1C152287C4C0CAC5CDF3583F /* Festival */ = {
			isa = PBXGroup;
			children = (
				E27C1ADD29D510F500C69F21 /* Info.plist */,
				E2639DF729B9FF480018F869 /* Helper */,
				1C152C908AB9530E5457DDC8 /* Assets.xcassets */,
				1C152F0E7E970721A1C4F64F /* FestivalApp.swift */,
				1C15281657A92DDB4716448D /* Preview Content */,
				1C152B273E12C8E9A72B7800 /* Content */,
				1C1526D90AC18C619B6FD1E1 /* Component */,
			);
			path = Festival;
			sourceTree = "<group>";
		};
		1C1522EFF7723FCFFACA064A /* Profile */ = {
			isa = PBXGroup;
			children = (
				1C1525254DA4F35F2830C97C /* ProfileView.swift */,
			);
			path = Profile;
			sourceTree = "<group>";
		};
		1C1522FFB6FA164D8042F2DA /* Model */ = {
			isa = PBXGroup;
			children = (
				1C1527D5BAFBB2ABF594DDBC /* GameListModel.swift */,
				1C1523C04588EA7E942B18A3 /* GameModel.swift */,
			);
			path = Model;
			sourceTree = "<group>";
		};
		1C15231766058F9E01A5619A /* Update */ = {
			isa = PBXGroup;
			children = (
				1C152C8044589281DEE3577F /* GameUpdateView.swift */,
			);
			path = Update;
			sourceTree = "<group>";
		};
		1C1523217BA6A7ECB447470A /* List */ = {
			isa = PBXGroup;
			children = (
				1C1522ECCA56C782A9537272 /* FestivalListIntent.swift */,
				1C1528388139044F2A9E24B4 /* FestivalListState.swift */,
				1C152FC59CE47D2923CA4F53 /* FestivalListView.swift */,
			);
			path = List;
			sourceTree = "<group>";
		};
		1C152375727C1477E14A7A6F /* Login */ = {
			isa = PBXGroup;
			children = (
				1C152F203C83E12C95D05769 /* LoginView.swift */,
			);
			path = Login;
			sourceTree = "<group>";
		};
		1C15239B0DBC64FBF9CDFE26 /* Detail */ = {
			isa = PBXGroup;
			children = (
				1C15220AF5ECEA9AF948BA52 /* GameIntent.swift */,
				1C1526759D14DE1B9DB1D36F /* GameIntentError.swift */,
				1C152802855BE508C96750EF /* GameState.swift */,
			);
			path = Detail;
			sourceTree = "<group>";
		};
		1C15240B87714F3D11C5C511 /* IsVisible */ = {
			isa = PBXGroup;
			children = (
				1C1524A2996F070EEF698F63 /* IsVisibleViewModifier.swift */,
				1C1529AE90C9A85BC1F17C80 /* ViewExtension.swift */,
			);
			path = IsVisible;
			sourceTree = "<group>";
		};
		1C15244B0A8201F2ECEA5948 /* Day */ = {
			isa = PBXGroup;
			children = (
				1C1528DE632E432A2205370E /* FestivalDayView.swift */,
				1C152011F02A2B070CA6734B /* FestivalDayState.swift */,
				1C152490012C9FB8AB0249B8 /* FestivalDayIntent.swift */,
			);
			path = Day;
			sourceTree = "<group>";
		};
		1C15255C5FCD2A88917F53EB /* Festival */ = {
			isa = PBXGroup;
			children = (
				1C152B75A7847EA56F23BD38 /* Persistence */,
				1C152BA7F22A119369C52473 /* ViewIntent */,
			);
			path = Festival;
			sourceTree = "<group>";
		};
		1C15257968BD77F31D4957F7 /* ViewIntent */ = {
			isa = PBXGroup;
			children = (
				1C152169B3E94359CC3BF00D /* List */,
				1C152012C8287FB588A6BE7A /* GameView.swift */,
				1C15231766058F9E01A5619A /* Update */,
				1C15239B0DBC64FBF9CDFE26 /* Detail */,
			);
			path = ViewIntent;
			sourceTree = "<group>";
		};
		1C1526D90AC18C619B6FD1E1 /* Component */ = {
			isa = PBXGroup;
			children = (
				1C152C9AA2239CC4AD491881 /* TextAdmin.swift */,
			);
			path = Component;
			sourceTree = "<group>";
		};
		1C1527FEDD8CE94930230027 /* Detail */ = {
			isa = PBXGroup;
			children = (
				1C152CEB4823687ED9D87D5A /* FestivalDetailView.swift */,
				1C152D008F4E6F6F2E86729E /* FestivalDetailIntent.swift */,
				1C152281A1558E96AA9F7027 /* FestivalDetailState.swift */,
			);
			path = Detail;
			sourceTree = "<group>";
		};
		1C15281657A92DDB4716448D /* Preview Content */ = {
			isa = PBXGroup;
			children = (
				1C152FC62ABC588374A4E064 /* Preview Assets.xcassets */,
			);
			path = "Preview Content";
			sourceTree = "<group>";
		};
		1C15290A71EB2A5F16E8D85F /* Products */ = {
			isa = PBXGroup;
			children = (
				1C152ED14C0CAE86D82B7BF5 /* Festival.app */,
				1C1528E3E84DDDED11A0B1B6 /* FestivalTests.xctest */,
				1C1529469728113AEADAD04B /* FestivalUITests.xctest */,
			);
			name = Products;
			sourceTree = "<group>";
		};
		1C15297DA235B697FC91DF7B /* FestivalTests */ = {
			isa = PBXGroup;
			children = (
				1C152E4247CA6CA9A0318172 /* FestivalTests.swift */,
			);
			path = FestivalTests;
			sourceTree = "<group>";
		};
		1C15299F2028193F694A3EA4 /* Game */ = {
			isa = PBXGroup;
			children = (
				1C152ED4E3C38CA12F92CA04 /* Persistence */,
				1C15257968BD77F31D4957F7 /* ViewIntent */,
			);
			path = Game;
			sourceTree = "<group>";
		};
		1C1529FD870B8D09B3ABA843 /* FestivalUITests */ = {
			isa = PBXGroup;
			children = (
				1C152BAF65DA58183207BBAE /* FestivalUITests.swift */,
				1C152CDC6A95774A90C4E2DC /* FestivalUITestsLaunchTests.swift */,
			);
			path = FestivalUITests;
			sourceTree = "<group>";
		};
		1C152B273E12C8E9A72B7800 /* Content */ = {
			isa = PBXGroup;
			children = (
				1C15255C5FCD2A88917F53EB /* Festival */,
				1C152DE6E7BA891BE32A6A4C /* User */,
				1C15299F2028193F694A3EA4 /* Game */,
				1C1523BC8EDFFBB3EFF58D68 /* ContentView.swift */,
				1C1526B37C5C0B6A682B8AE3 /* Dao.swift */,
				1C152A3B8E02C5C64E884BAF /* HttpError.swift */,
			);
			path = Content;
			sourceTree = "<group>";
		};
		1C152B75A7847EA56F23BD38 /* Persistence */ = {
			isa = PBXGroup;
			children = (
				1C152FE1A80DCF25A73DFBB7 /* Model */,
				1C152B0CD81D16B96A081672 /* FestivalDao.swift */,
				1C152BC093BFD52DD568CCCC /* Dto */,
			);
			path = Persistence;
			sourceTree = "<group>";
		};
		1C152BA7F22A119369C52473 /* ViewIntent */ = {
			isa = PBXGroup;
			children = (
				1C1523217BA6A7ECB447470A /* List */,
				1C1527FEDD8CE94930230027 /* Detail */,
				1C152A8F84D5156EA4C26C74 /* FestivalView.swift */,
				1C15244B0A8201F2ECEA5948 /* Day */,
				1C1522656F745F538D227F9A /* Slot */,
				1C152F17DC018B887AF2C680 /* Zone */,
			);
			path = ViewIntent;
			sourceTree = "<group>";
		};
		1C152BC093BFD52DD568CCCC /* Dto */ = {
			isa = PBXGroup;
			children = (
				1C1520A69BFFA7422E12E3A1 /* FestivalModelDto.swift */,
				1C152D692AF0456B76887243 /* DayModelDto.swift */,
				1C152272F30FDAE38490DC66 /* SlotModelDto.swift */,
				1C15244921E7E32B89B1C325 /* ZoneModelDto.swift */,
				1C15208BF85505D250008986 /* UserModelDto.swift */,
			);
			path = Dto;
			sourceTree = "<group>";
		};
		1C152D39A902C23C4DC385FF /* Register */ = {
			isa = PBXGroup;
			children = (
				1C152251D32636697C3BD130 /* RegisterView.swift */,
			);
			path = Register;
			sourceTree = "<group>";
		};
		1C152D55BCF5D4A5CFDCEE5C /* Persistence */ = {
			isa = PBXGroup;
			children = (
				1C152C8260E453A6AEDEB9FB /* UserDao.swift */,
				1C15208E37D6B6C0381D7334 /* UserModel.swift */,
			);
			path = Persistence;
			sourceTree = "<group>";
		};
		1C152DE6E7BA891BE32A6A4C /* User */ = {
			isa = PBXGroup;
			children = (
				1C152D55BCF5D4A5CFDCEE5C /* Persistence */,
				1C152ED0C903479952073358 /* ViewIntent */,
			);
			path = User;
			sourceTree = "<group>";
		};
		1C152ED0C903479952073358 /* ViewIntent */ = {
			isa = PBXGroup;
			children = (
				1C152375727C1477E14A7A6F /* Login */,
				1C152D39A902C23C4DC385FF /* Register */,
				1C1522EFF7723FCFFACA064A /* Profile */,
				1C1523FED330AC20888CF4F4 /* UserView.swift */,
			);
			path = ViewIntent;
			sourceTree = "<group>";
		};
		1C152ED4E3C38CA12F92CA04 /* Persistence */ = {
			isa = PBXGroup;
			children = (
				1C1522FFB6FA164D8042F2DA /* Model */,
				1C1525E383DE5EC8E1A3E82E /* GameDao.swift */,
			);
			path = Persistence;
			sourceTree = "<group>";
		};
		1C152F17DC018B887AF2C680 /* Zone */ = {
			isa = PBXGroup;
			children = (
				1C15274C7E57EFCE686DB943 /* FestivalZoneView.swift */,
			);
			path = Zone;
			sourceTree = "<group>";
		};
		1C152FE1A80DCF25A73DFBB7 /* Model */ = {
			isa = PBXGroup;
			children = (
				1C15256808781860F284F6D6 /* FestivalListModel.swift */,
				1C152715EBDCB1C8B1FFD8E1 /* ZoneModel.swift */,
				1C1528E2A317BFB357FD10D4 /* DayModel.swift */,
				1C152215AA750AA51AEC5152 /* FestivalModel.swift */,
				1C152E287888C4A021C2782C /* SlotModel.swift */,
			);
			path = Model;
			sourceTree = "<group>";
		};
		E2639DF729B9FF480018F869 /* Helper */ = {
			isa = PBXGroup;
			children = (
				E2639DF529B9FF410018F869 /* JSONHelper.swift */,
				1C15240B87714F3D11C5C511 /* IsVisible */,
				1C152E3E3E06920E08705024 /* JWTHelper.swift */,
				1C152FE3332C3438D7CE2684 /* DateExtension.swift */,
				1C152070D6B9FE6D40DD7A13 /* StringExtension.swift */,
			);
			path = Helper;
			sourceTree = "<group>";
		};
/* End PBXGroup section */

/* Begin PBXNativeTarget section */
		1C1521C00BB2C7B5A99C2EEB /* FestivalTests */ = {
			isa = PBXNativeTarget;
			buildConfigurationList = 1C15234F1C0F7156E7FFA38E /* Build configuration list for PBXNativeTarget "FestivalTests" */;
			buildPhases = (
				1C15295714E31F44FE65DF6D /* Sources */,
				1C152093A75FF8BBFD1D5CB2 /* Frameworks */,
				1C152A966A8FC4B28309FCA6 /* Resources */,
			);
			buildRules = (
			);
			dependencies = (
				1C152B9D520DDE9CD1716BD6 /* PBXTargetDependency */,
			);
			name = FestivalTests;
			productName = FestivalTests;
			productReference = 1C1528E3E84DDDED11A0B1B6 /* FestivalTests.xctest */;
			productType = "com.apple.product-type.bundle.unit-test";
		};
		1C15221DFA691AF0FAE2D88B /* Festival */ = {
			isa = PBXNativeTarget;
			buildConfigurationList = 1C1528D5F9E37FDC5E514CF3 /* Build configuration list for PBXNativeTarget "Festival" */;
			buildPhases = (
				1C1522311CDEAE93A6E254F6 /* Sources */,
				1C15229F8606A1FF9C8371B1 /* Frameworks */,
				1C152B9B86873826BF38FCF6 /* Resources */,
			);
			buildRules = (
			);
			dependencies = (
			);
			name = Festival;
			productName = Festival;
			productReference = 1C152ED14C0CAE86D82B7BF5 /* Festival.app */;
			productType = "com.apple.product-type.application";
		};
		1C152750268D0F9AF44B2293 /* FestivalUITests */ = {
			isa = PBXNativeTarget;
			buildConfigurationList = 1C15276581F09251AD6BE0AA /* Build configuration list for PBXNativeTarget "FestivalUITests" */;
			buildPhases = (
				1C152E3D3D10F1E8A875FB99 /* Sources */,
				1C1527D2771D25759625FB98 /* Frameworks */,
				1C1529B0FB53B9AD35C7C29C /* Resources */,
			);
			buildRules = (
			);
			dependencies = (
				1C1520D1F3BD01E039AFE268 /* PBXTargetDependency */,
			);
			name = FestivalUITests;
			productName = FestivalUITests;
			productReference = 1C1529469728113AEADAD04B /* FestivalUITests.xctest */;
			productType = "com.apple.product-type.bundle.ui-testing";
		};
/* End PBXNativeTarget section */

/* Begin PBXProject section */
		1C152AC33EF0D12D635D5845 /* Project object */ = {
			isa = PBXProject;
			attributes = {
				TargetAttributes = {
					1C15221DFA691AF0FAE2D88B = {
						DevelopmentTeam = V3BN3HX3TT;
					};
				};
			};
			buildConfigurationList = 1C152EA1B4C3188326A47FD4 /* Build configuration list for PBXProject "Festival" */;
			compatibilityVersion = "Xcode 3.2";
			developmentRegion = en;
			hasScannedForEncodings = 0;
			knownRegions = (
				en,
			);
			mainGroup = 1C152154E35B87E917D803A5;
			productRefGroup = 1C15290A71EB2A5F16E8D85F /* Products */;
			projectDirPath = "";
			projectRoot = "";
			targets = (
				1C15221DFA691AF0FAE2D88B /* Festival */,
				1C1521C00BB2C7B5A99C2EEB /* FestivalTests */,
				1C152750268D0F9AF44B2293 /* FestivalUITests */,
			);
		};
/* End PBXProject section */

/* Begin PBXResourcesBuildPhase section */
		1C1529B0FB53B9AD35C7C29C /* Resources */ = {
			isa = PBXResourcesBuildPhase;
			buildActionMask = 2147483647;
			files = (
			);
			runOnlyForDeploymentPostprocessing = 0;
		};
		1C152A966A8FC4B28309FCA6 /* Resources */ = {
			isa = PBXResourcesBuildPhase;
			buildActionMask = 2147483647;
			files = (
			);
			runOnlyForDeploymentPostprocessing = 0;
		};
		1C152B9B86873826BF38FCF6 /* Resources */ = {
			isa = PBXResourcesBuildPhase;
			buildActionMask = 2147483647;
			files = (
				1C152C72EC5CC7C49269FF5A /* Assets.xcassets in Resources */,
				1C1522F06D0257757495246A /* Preview Assets.xcassets in Resources */,
			);
			runOnlyForDeploymentPostprocessing = 0;
		};
/* End PBXResourcesBuildPhase section */

/* Begin PBXSourcesBuildPhase section */
		1C1522311CDEAE93A6E254F6 /* Sources */ = {
			isa = PBXSourcesBuildPhase;
			buildActionMask = 2147483647;
			files = (
				1C152A69981C26DDBE8F48F4 /* FestivalApp.swift in Sources */,
				E2639DF629B9FF410018F869 /* JSONHelper.swift in Sources */,
				1C1527F4FB846AE9EFE6D9EB /* FestivalListModel.swift in Sources */,
				1C1529A4E00DE00B095E3CC6 /* ZoneModel.swift in Sources */,
				1C152DBB649DCAD17A3EFF38 /* DayModel.swift in Sources */,
				1C1528A663BD914113B6FD47 /* FestivalModel.swift in Sources */,
				1C152412C9C9419E0510F3C7 /* SlotModel.swift in Sources */,
				1C152FCBA0A996069FCCA874 /* FestivalDao.swift in Sources */,
				1C152BE6F1578D633C42520F /* FestivalListIntent.swift in Sources */,
				1C152ACBBCD8333BA3BA7F6E /* FestivalListState.swift in Sources */,
				1C1526C8573829C682052A7D /* FestivalListView.swift in Sources */,
				1C152409F600F4FB9C9897E5 /* UserDao.swift in Sources */,
				1C1522D33DE72E2806E723C9 /* LoginView.swift in Sources */,
				1C1526F999FDE14A228F5FD2 /* ProfileView.swift in Sources */,
				1C152CC41A8285233DB80F25 /* RegisterView.swift in Sources */,
				1C152E87DD99778466251029 /* GameListModel.swift in Sources */,
				1C1529514A99063426CDA8E8 /* GameModel.swift in Sources */,
				1C15218E8D448DFB7AAD1680 /* UserModel.swift in Sources */,
				1C152EB9443BFEE910874B8D /* GameListView.swift in Sources */,
				1C152A1B97CD77DE2FCE62F2 /* GameListViewBis.swift in Sources */,
				1C152F92C232263E5226DC0F /* GameView.swift in Sources */,
				1C152878E27EECEE13AA0493 /* GameUpdateView.swift in Sources */,
				1C152614D07A164B98274B0B /* GameDao.swift in Sources */,
				1C152D4EAF6DC1721F415835 /* GameIntent.swift in Sources */,
				1C1527D5A319197C17968AC2 /* GameIntentError.swift in Sources */,
				1C15252CD1D36E856A851A13 /* GameListIntent.swift in Sources */,
				1C1525A0923206F4D4A73D56 /* GameListIntentError.swift in Sources */,
				1C15268BA10853581A6613D3 /* GameListState.swift in Sources */,
				1C15267019F3E1D574988248 /* GameState.swift in Sources */,
				1C152C761D55E827719456D6 /* IsVisibleViewModifier.swift in Sources */,
				1C152AC1D80AC12347CF4375 /* ViewExtension.swift in Sources */,
				1C152D296E239335D110D07A /* ContentView.swift in Sources */,
				1C1524B0437CF36FA0078689 /* Dao.swift in Sources */,
				1C152E3467634D69B07CD0DB /* HttpError.swift in Sources */,
				1C152C7DF19857DFA4B58FC7 /* UserView.swift in Sources */,
				1C15236C24F349E3B18882E3 /* FestivalView.swift in Sources */,
				1C152C6EE547ECDBBFA4F961 /* FestivalDetailView.swift in Sources */,
				1C15209A24E1A23A3F5B8B3E /* FestivalDayView.swift in Sources */,
				1C152B52D50319DC1E68003E /* FestivalSlotView.swift in Sources */,
				1C152B634A5EACC84B260381 /* FestivalZoneView.swift in Sources */,
				1C152BC9797098FCFCBE19D0 /* FestivalDetailIntent.swift in Sources */,
				1C1520838EF77856B954C38E /* FestivalDetailState.swift in Sources */,
				1C15291DF969CB9B78765F79 /* JWTHelper.swift in Sources */,
				1C152B67CA685CCF1004AFB7 /* FestivalModelDto.swift in Sources */,
				1C152644F12B58FD2E956CAA /* DayModelDto.swift in Sources */,
				1C152159C9B3E7DD244F9F64 /* SlotModelDto.swift in Sources */,
				1C152B99C8DF74F7EDF4BED6 /* ZoneModelDto.swift in Sources */,
				1C152EE6C3C5DD85571244F2 /* UserModelDto.swift in Sources */,
				1C1523FAFC76F86811299642 /* TextAdmin.swift in Sources */,
				1C1523FF347ADCF91F60A02E /* DateExtension.swift in Sources */,
				1C1528275F50FFCAA5D73631 /* StringExtension.swift in Sources */,
				1C152616E4D566E549677744 /* FestivalDayState.swift in Sources */,
				1C152139FE361833C62F47AD /* FestivalDayIntent.swift in Sources */,
				1C152AE0CF639EA12A6567F3 /* FestivalSlotState.swift in Sources */,
				1C1521C15DBC432987E8236C /* FestivalSlotIntent.swift in Sources */,
			);
			runOnlyForDeploymentPostprocessing = 0;
		};
		1C15295714E31F44FE65DF6D /* Sources */ = {
			isa = PBXSourcesBuildPhase;
			buildActionMask = 2147483647;
			files = (
				1C152EF2B7A3E29B6A9A39D4 /* FestivalTests.swift in Sources */,
			);
			runOnlyForDeploymentPostprocessing = 0;
		};
		1C152E3D3D10F1E8A875FB99 /* Sources */ = {
			isa = PBXSourcesBuildPhase;
			buildActionMask = 2147483647;
			files = (
				1C1528A2FF85D597F84C0B70 /* FestivalUITests.swift in Sources */,
				1C152ABB4D810820329136A9 /* FestivalUITestsLaunchTests.swift in Sources */,
			);
			runOnlyForDeploymentPostprocessing = 0;
		};
/* End PBXSourcesBuildPhase section */

/* Begin PBXTargetDependency section */
		1C1520D1F3BD01E039AFE268 /* PBXTargetDependency */ = {
			isa = PBXTargetDependency;
			target = 1C15221DFA691AF0FAE2D88B /* Festival */;
			targetProxy = 1C15239E0B6A0C846AA50EAB /* PBXContainerItemProxy */;
		};
		1C152B9D520DDE9CD1716BD6 /* PBXTargetDependency */ = {
			isa = PBXTargetDependency;
			target = 1C15221DFA691AF0FAE2D88B /* Festival */;
			targetProxy = 1C15276888F7F078F2468558 /* PBXContainerItemProxy */;
		};
/* End PBXTargetDependency section */

/* Begin XCBuildConfiguration section */
		1C1523656D940A533FFF5337 /* Release */ = {
			isa = XCBuildConfiguration;
			buildSettings = {
				ALWAYS_SEARCH_USER_PATHS = NO;
				CLANG_ANALYZER_NONNULL = YES;
				CLANG_ANALYZER_NUMBER_OBJECT_CONVERSION = YES_AGGRESSIVE;
				CLANG_CXX_LANGUAGE_STANDARD = "gnu++20";
				CLANG_ENABLE_MODULES = YES;
				CLANG_ENABLE_OBJC_ARC = YES;
				CLANG_ENABLE_OBJC_WEAK = YES;
				CLANG_WARN_BLOCK_CAPTURE_AUTORELEASING = YES;
				CLANG_WARN_BOOL_CONVERSION = YES;
				CLANG_WARN_COMMA = YES;
				CLANG_WARN_CONSTANT_CONVERSION = YES;
				CLANG_WARN_DEPRECATED_OBJC_IMPLEMENTATIONS = YES;
				CLANG_WARN_DIRECT_OBJC_ISA_USAGE = YES_ERROR;
				CLANG_WARN_DOCUMENTATION_COMMENTS = YES;
				CLANG_WARN_EMPTY_BODY = YES;
				CLANG_WARN_ENUM_CONVERSION = YES;
				CLANG_WARN_INFINITE_RECURSION = YES;
				CLANG_WARN_INT_CONVERSION = YES;
				CLANG_WARN_NON_LITERAL_NULL_CONVERSION = YES;
				CLANG_WARN_OBJC_IMPLICIT_RETAIN_SELF = YES;
				CLANG_WARN_OBJC_LITERAL_CONVERSION = YES;
				CLANG_WARN_OBJC_ROOT_CLASS = YES_ERROR;
				CLANG_WARN_QUOTED_INCLUDE_IN_FRAMEWORK_HEADER = YES;
				CLANG_WARN_RANGE_LOOP_ANALYSIS = YES;
				CLANG_WARN_STRICT_PROTOTYPES = YES;
				CLANG_WARN_SUSPICIOUS_MOVE = YES;
				CLANG_WARN_UNGUARDED_AVAILABILITY = YES_AGGRESSIVE;
				CLANG_WARN_UNREACHABLE_CODE = YES;
				CLANG_WARN__DUPLICATE_METHOD_MATCH = YES;
				COPY_PHASE_STRIP = NO;
				DEBUG_INFORMATION_FORMAT = "dwarf-with-dsym";
				ENABLE_NS_ASSERTIONS = NO;
				ENABLE_STRICT_OBJC_MSGSEND = YES;
				GCC_C_LANGUAGE_STANDARD = gnu11;
				GCC_NO_COMMON_BLOCKS = YES;
				GCC_WARN_64_TO_32_BIT_CONVERSION = YES;
				GCC_WARN_ABOUT_RETURN_TYPE = YES_ERROR;
				GCC_WARN_UNDECLARED_SELECTOR = YES;
				GCC_WARN_UNINITIALIZED_AUTOS = YES_AGGRESSIVE;
				GCC_WARN_UNUSED_FUNCTION = YES;
				GCC_WARN_UNUSED_VARIABLE = YES;
				IPHONEOS_DEPLOYMENT_TARGET = 16.0;
				MTL_ENABLE_DEBUG_INFO = NO;
				MTL_FAST_MATH = YES;
				OTHER_LDFLAGS = "\"-Xlinker -interposable\"";
				SDKROOT = iphoneos;
				SWIFT_OPTIMIZATION_LEVEL = "-Owholemodule";
				VALIDATE_PRODUCT = YES;
			};
			name = Release;
		};
		1C152624683B4748CC1CC62D /* Debug */ = {
			isa = XCBuildConfiguration;
			buildSettings = {
				CURRENT_PROJECT_VERSION = 1;
				GENERATE_INFOPLIST_FILE = YES;
				MARKETING_VERSION = 1.0;
				PRODUCT_BUNDLE_IDENTIFIER = org.FestivalUITests;
				PRODUCT_NAME = "$(TARGET_NAME)";
				SWIFT_EMIT_LOC_STRINGS = NO;
				SWIFT_VERSION = 5.0;
				TARGETED_DEVICE_FAMILY = "1,2";
				TEST_TARGET_NAME = Festival;
			};
			name = Debug;
		};
		1C152B47A5B83532324AD720 /* Debug */ = {
			isa = XCBuildConfiguration;
			buildSettings = {
				BUNDLE_LOADER = "$(BUILT_PRODUCTS_DIR)/Festival.app/Festival";
				CURRENT_PROJECT_VERSION = 1;
				GENERATE_INFOPLIST_FILE = YES;
				MARKETING_VERSION = 1.0;
				PRODUCT_BUNDLE_IDENTIFIER = org.FestivalTests;
				PRODUCT_NAME = "$(TARGET_NAME)";
				SWIFT_EMIT_LOC_STRINGS = NO;
				SWIFT_VERSION = 5.0;
				TARGETED_DEVICE_FAMILY = "1,2";
				TEST_HOST = "$(BUNDLE_LOADER)";
			};
			name = Debug;
		};
		1C152BB2C5176C8D6AC22880 /* Release */ = {
			isa = XCBuildConfiguration;
			buildSettings = {
				BUNDLE_LOADER = "$(BUILT_PRODUCTS_DIR)/Festival.app/Festival";
				CURRENT_PROJECT_VERSION = 1;
				GENERATE_INFOPLIST_FILE = YES;
				MARKETING_VERSION = 1.0;
				PRODUCT_BUNDLE_IDENTIFIER = org.FestivalTests;
				PRODUCT_NAME = "$(TARGET_NAME)";
				SWIFT_EMIT_LOC_STRINGS = NO;
				SWIFT_VERSION = 5.0;
				TARGETED_DEVICE_FAMILY = "1,2";
				TEST_HOST = "$(BUNDLE_LOADER)";
			};
			name = Release;
		};
		1C152C8A3789DEF4516B3A7D /* Debug */ = {
			isa = XCBuildConfiguration;
			buildSettings = {
				ASSETCATALOG_COMPILER_APPICON_NAME = AppIcon;
				ASSETCATALOG_COMPILER_GLOBAL_ACCENT_COLOR_NAME = AccentColor;
				CURRENT_PROJECT_VERSION = 1;
				DEVELOPMENT_ASSET_PATHS = "\"Festival/Preview Content\"";
				DEVELOPMENT_TEAM = V3BN3HX3TT;
				ENABLE_PREVIEWS = YES;
				GENERATE_INFOPLIST_FILE = YES;
				INFOPLIST_FILE = Festival/Info.plist;
				INFOPLIST_KEY_UIApplicationSupportsIndirectInputEvents = YES;
				INFOPLIST_KEY_UILaunchScreen_Generation = YES;
				INFOPLIST_KEY_UISupportedInterfaceOrientations_iPad = "UIInterfaceOrientationPortrait UIInterfaceOrientationPortraitUpsideDown UIInterfaceOrientationLandscapeLeft UIInterfaceOrientationLandscapeRight";
				INFOPLIST_KEY_UISupportedInterfaceOrientations_iPhone = "UIInterfaceOrientationPortrait UIInterfaceOrientationLandscapeLeft UIInterfaceOrientationLandscapeRight";
				LD_RUNPATH_SEARCH_PATHS = "$(inherited) @executable_path/Frameworks";
				MARKETING_VERSION = 1.0;
				PRODUCT_BUNDLE_IDENTIFIER = org.Festival;
				PRODUCT_NAME = "$(TARGET_NAME)";
				SWIFT_EMIT_LOC_STRINGS = YES;
				SWIFT_VERSION = 5.0;
				TARGETED_DEVICE_FAMILY = "1,2";
			};
			name = Debug;
		};
		1C152DE84CBB9A1CFD78D7D6 /* Release */ = {
			isa = XCBuildConfiguration;
			buildSettings = {
				ASSETCATALOG_COMPILER_APPICON_NAME = AppIcon;
				ASSETCATALOG_COMPILER_GLOBAL_ACCENT_COLOR_NAME = AccentColor;
				CURRENT_PROJECT_VERSION = 1;
				DEVELOPMENT_ASSET_PATHS = "\"Festival/Preview Content\"";
				DEVELOPMENT_TEAM = V3BN3HX3TT;
				ENABLE_PREVIEWS = YES;
				GENERATE_INFOPLIST_FILE = YES;
				INFOPLIST_FILE = Festival/Info.plist;
				INFOPLIST_KEY_UIApplicationSupportsIndirectInputEvents = YES;
				INFOPLIST_KEY_UILaunchScreen_Generation = YES;
				INFOPLIST_KEY_UISupportedInterfaceOrientations_iPad = "UIInterfaceOrientationPortrait UIInterfaceOrientationPortraitUpsideDown UIInterfaceOrientationLandscapeLeft UIInterfaceOrientationLandscapeRight";
				INFOPLIST_KEY_UISupportedInterfaceOrientations_iPhone = "UIInterfaceOrientationPortrait UIInterfaceOrientationLandscapeLeft UIInterfaceOrientationLandscapeRight";
				LD_RUNPATH_SEARCH_PATHS = "$(inherited) @executable_path/Frameworks";
				MARKETING_VERSION = 1.0;
				PRODUCT_BUNDLE_IDENTIFIER = org.Festival;
				PRODUCT_NAME = "$(TARGET_NAME)";
				SWIFT_EMIT_LOC_STRINGS = YES;
				SWIFT_VERSION = 5.0;
				TARGETED_DEVICE_FAMILY = "1,2";
			};
			name = Release;
		};
		1C152E290BFF6F4EAE0A4AE0 /* Debug */ = {
			isa = XCBuildConfiguration;
			buildSettings = {
				ALWAYS_SEARCH_USER_PATHS = NO;
				CLANG_ANALYZER_NONNULL = YES;
				CLANG_ANALYZER_NUMBER_OBJECT_CONVERSION = YES_AGGRESSIVE;
				CLANG_CXX_LANGUAGE_STANDARD = "gnu++20";
				CLANG_ENABLE_MODULES = YES;
				CLANG_ENABLE_OBJC_ARC = YES;
				CLANG_ENABLE_OBJC_WEAK = YES;
				CLANG_WARN_BLOCK_CAPTURE_AUTORELEASING = YES;
				CLANG_WARN_BOOL_CONVERSION = YES;
				CLANG_WARN_COMMA = YES;
				CLANG_WARN_CONSTANT_CONVERSION = YES;
				CLANG_WARN_DEPRECATED_OBJC_IMPLEMENTATIONS = YES;
				CLANG_WARN_DIRECT_OBJC_ISA_USAGE = YES_ERROR;
				CLANG_WARN_DOCUMENTATION_COMMENTS = YES;
				CLANG_WARN_EMPTY_BODY = YES;
				CLANG_WARN_ENUM_CONVERSION = YES;
				CLANG_WARN_INFINITE_RECURSION = YES;
				CLANG_WARN_INT_CONVERSION = YES;
				CLANG_WARN_NON_LITERAL_NULL_CONVERSION = YES;
				CLANG_WARN_OBJC_IMPLICIT_RETAIN_SELF = YES;
				CLANG_WARN_OBJC_LITERAL_CONVERSION = YES;
				CLANG_WARN_OBJC_ROOT_CLASS = YES_ERROR;
				CLANG_WARN_QUOTED_INCLUDE_IN_FRAMEWORK_HEADER = YES;
				CLANG_WARN_RANGE_LOOP_ANALYSIS = YES;
				CLANG_WARN_STRICT_PROTOTYPES = YES;
				CLANG_WARN_SUSPICIOUS_MOVE = YES;
				CLANG_WARN_UNGUARDED_AVAILABILITY = YES_AGGRESSIVE;
				CLANG_WARN_UNREACHABLE_CODE = YES;
				CLANG_WARN__DUPLICATE_METHOD_MATCH = YES;
				COPY_PHASE_STRIP = NO;
				DEBUG_INFORMATION_FORMAT = dwarf;
				ENABLE_STRICT_OBJC_MSGSEND = YES;
				ENABLE_TESTABILITY = YES;
				GCC_C_LANGUAGE_STANDARD = gnu11;
				GCC_DYNAMIC_NO_PIC = NO;
				GCC_NO_COMMON_BLOCKS = YES;
				GCC_OPTIMIZATION_LEVEL = 0;
				GCC_PREPROCESSOR_DEFINITIONS = (
					"DEBUG=1",
					"$(inherited)",
				);
				GCC_WARN_64_TO_32_BIT_CONVERSION = YES;
				GCC_WARN_ABOUT_RETURN_TYPE = YES_ERROR;
				GCC_WARN_UNDECLARED_SELECTOR = YES;
				GCC_WARN_UNINITIALIZED_AUTOS = YES_AGGRESSIVE;
				GCC_WARN_UNUSED_FUNCTION = YES;
				GCC_WARN_UNUSED_VARIABLE = YES;
				IPHONEOS_DEPLOYMENT_TARGET = 16.0;
				MTL_ENABLE_DEBUG_INFO = INCLUDE_SOURCE;
				MTL_FAST_MATH = YES;
				ONLY_ACTIVE_ARCH = YES;
				OTHER_LDFLAGS = "\"-Xlinker -interposable\"";
				SDKROOT = iphoneos;
				SWIFT_ACTIVE_COMPILATION_CONDITIONS = DEBUG;
				SWIFT_OPTIMIZATION_LEVEL = "-Onone";
			};
			name = Debug;
		};
		1C152EF40C4270720936EB97 /* Release */ = {
			isa = XCBuildConfiguration;
			buildSettings = {
				CURRENT_PROJECT_VERSION = 1;
				GENERATE_INFOPLIST_FILE = YES;
				MARKETING_VERSION = 1.0;
				PRODUCT_BUNDLE_IDENTIFIER = org.FestivalUITests;
				PRODUCT_NAME = "$(TARGET_NAME)";
				SWIFT_EMIT_LOC_STRINGS = NO;
				SWIFT_VERSION = 5.0;
				TARGETED_DEVICE_FAMILY = "1,2";
				TEST_TARGET_NAME = Festival;
			};
			name = Release;
		};
/* End XCBuildConfiguration section */

/* Begin XCConfigurationList section */
		1C15234F1C0F7156E7FFA38E /* Build configuration list for PBXNativeTarget "FestivalTests" */ = {
			isa = XCConfigurationList;
			buildConfigurations = (
				1C152B47A5B83532324AD720 /* Debug */,
				1C152BB2C5176C8D6AC22880 /* Release */,
			);
			defaultConfigurationIsVisible = 0;
			defaultConfigurationName = Release;
		};
		1C15276581F09251AD6BE0AA /* Build configuration list for PBXNativeTarget "FestivalUITests" */ = {
			isa = XCConfigurationList;
			buildConfigurations = (
				1C152624683B4748CC1CC62D /* Debug */,
				1C152EF40C4270720936EB97 /* Release */,
			);
			defaultConfigurationIsVisible = 0;
			defaultConfigurationName = Release;
		};
		1C1528D5F9E37FDC5E514CF3 /* Build configuration list for PBXNativeTarget "Festival" */ = {
			isa = XCConfigurationList;
			buildConfigurations = (
				1C152C8A3789DEF4516B3A7D /* Debug */,
				1C152DE84CBB9A1CFD78D7D6 /* Release */,
			);
			defaultConfigurationIsVisible = 0;
			defaultConfigurationName = Release;
		};
		1C152EA1B4C3188326A47FD4 /* Build configuration list for PBXProject "Festival" */ = {
			isa = XCConfigurationList;
			buildConfigurations = (
				1C152E290BFF6F4EAE0A4AE0 /* Debug */,
				1C1523656D940A533FFF5337 /* Release */,
			);
			defaultConfigurationIsVisible = 0;
			defaultConfigurationName = Release;
		};
/* End XCConfigurationList section */
	};
	rootObject = 1C152AC33EF0D12D635D5845 /* Project object */;
}
